// !$*UTF8*$!
{
	archiveVersion = 1;
	classes = {
	};
	objectVersion = 55;
	objects = {

/* Begin PBXBuildFile section */
		66CF0EC13B3373BB87EC99CC /* Pods_IceButler_iOSTests.framework in Frameworks */ = {isa = PBXBuildFile; fileRef = 71520AB6EE790D9359A21DBB /* Pods_IceButler_iOSTests.framework */; };
		7339CD6D29E5B390002A6D78 /* AuthMain.storyboard in Resources */ = {isa = PBXBuildFile; fileRef = 7339CD6C29E5B390002A6D78 /* AuthMain.storyboard */; };
		7339CD6F29E5B39D002A6D78 /* AuthMainViewController.swift in Sources */ = {isa = PBXBuildFile; fileRef = 7339CD6E29E5B39D002A6D78 /* AuthMainViewController.swift */; };
		7339CD7229E5B56A002A6D78 /* AuthService.swift in Sources */ = {isa = PBXBuildFile; fileRef = 7339CD7129E5B56A002A6D78 /* AuthService.swift */; };
		7339CD7529E5B6B0002A6D78 /* AuthViewModel.swift in Sources */ = {isa = PBXBuildFile; fileRef = 7339CD7429E5B6B0002A6D78 /* AuthViewModel.swift */; };
		7339CD7F29E671B0002A6D78 /* AuthUserInfo.storyboard in Resources */ = {isa = PBXBuildFile; fileRef = 7339CD7E29E671B0002A6D78 /* AuthUserInfo.storyboard */; };
		7339CD8129E67406002A6D78 /* AuthUserInfoViewController.swift in Sources */ = {isa = PBXBuildFile; fileRef = 7339CD8029E67406002A6D78 /* AuthUserInfoViewController.swift */; };
		7339CD8329E67F22002A6D78 /* AuthRequestModel.swift in Sources */ = {isa = PBXBuildFile; fileRef = 7339CD8229E67F22002A6D78 /* AuthRequestModel.swift */; };
		7339CD8629E68818002A6D78 /* AuthResponseModel.swift in Sources */ = {isa = PBXBuildFile; fileRef = 7339CD8529E68818002A6D78 /* AuthResponseModel.swift */; };
		738CAC8529E310CF009EF9D2 /* FoodDetail.storyboard in Resources */ = {isa = PBXBuildFile; fileRef = 738CAC8429E310CF009EF9D2 /* FoodDetail.storyboard */; };
		738CAC8729E31349009EF9D2 /* FoodDetailViewController.swift in Sources */ = {isa = PBXBuildFile; fileRef = 738CAC8629E31349009EF9D2 /* FoodDetailViewController.swift */; };
		738CAC8A29E32773009EF9D2 /* FoodViewModel.swift in Sources */ = {isa = PBXBuildFile; fileRef = 738CAC8929E32773009EF9D2 /* FoodViewModel.swift */; };
		738CAC8E29E32817009EF9D2 /* FoodResponseModel.swift in Sources */ = {isa = PBXBuildFile; fileRef = 738CAC8D29E32817009EF9D2 /* FoodResponseModel.swift */; };
		738CAC9029E32858009EF9D2 /* FoodService.swift in Sources */ = {isa = PBXBuildFile; fileRef = 738CAC8F29E32858009EF9D2 /* FoodService.swift */; };
		73B7371D29E1427A0097806F /* FoodAddImageCell.swift in Sources */ = {isa = PBXBuildFile; fileRef = 73B7371B29E1427A0097806F /* FoodAddImageCell.swift */; };
		73B7371E29E1427A0097806F /* FoodAddImageCell.xib in Resources */ = {isa = PBXBuildFile; fileRef = 73B7371C29E1427A0097806F /* FoodAddImageCell.xib */; };
		73B7372029E160750097806F /* UICollectionViewFlowLayout+.swift in Sources */ = {isa = PBXBuildFile; fileRef = 73B7371F29E160750097806F /* UICollectionViewFlowLayout+.swift */; };
		73B7372329E1B2040097806F /* FoodOwnerCell.swift in Sources */ = {isa = PBXBuildFile; fileRef = 73B7372129E1B2040097806F /* FoodOwnerCell.swift */; };
		73B7372429E1B2040097806F /* FoodOwnerCell.xib in Resources */ = {isa = PBXBuildFile; fileRef = 73B7372229E1B2040097806F /* FoodOwnerCell.xib */; };
		73B7372829E24F510097806F /* FoodCategory.swift in Sources */ = {isa = PBXBuildFile; fileRef = 73B7372729E24F510097806F /* FoodCategory.swift */; };
		73B7372A29E24FDB0097806F /* MeatViewController.swift in Sources */ = {isa = PBXBuildFile; fileRef = 73B7372929E24FDB0097806F /* MeatViewController.swift */; };
		73B7372C29E250010097806F /* FruitViewController.swift in Sources */ = {isa = PBXBuildFile; fileRef = 73B7372B29E250010097806F /* FruitViewController.swift */; };
		73B7372E29E250120097806F /* VegetableViewController.swift in Sources */ = {isa = PBXBuildFile; fileRef = 73B7372D29E250120097806F /* VegetableViewController.swift */; };
		73B7373029E2501A0097806F /* DrinkViewController.swift in Sources */ = {isa = PBXBuildFile; fileRef = 73B7372F29E2501A0097806F /* DrinkViewController.swift */; };
		73B7373229E250330097806F /* MarineProductsViewController.swift in Sources */ = {isa = PBXBuildFile; fileRef = 73B7373129E250330097806F /* MarineProductsViewController.swift */; };
		73B7373429E250430097806F /* SideViewController.swift in Sources */ = {isa = PBXBuildFile; fileRef = 73B7373329E250430097806F /* SideViewController.swift */; };
		73B7373629E2504A0097806F /* SnackViewController.swift in Sources */ = {isa = PBXBuildFile; fileRef = 73B7373529E2504A0097806F /* SnackViewController.swift */; };
		73B7373829E2505B0097806F /* SeasoningViewController.swift in Sources */ = {isa = PBXBuildFile; fileRef = 73B7373729E2505B0097806F /* SeasoningViewController.swift */; };
		73B7373A29E250680097806F /* ProcessedFoodViewController.swift in Sources */ = {isa = PBXBuildFile; fileRef = 73B7373929E250680097806F /* ProcessedFoodViewController.swift */; };
		73B7373C29E250700097806F /* ETCViewController.swift in Sources */ = {isa = PBXBuildFile; fileRef = 73B7373B29E250700097806F /* ETCViewController.swift */; };
		73B7373E29E2507A0097806F /* AllFoodViewController.swift in Sources */ = {isa = PBXBuildFile; fileRef = 73B7373D29E2507A0097806F /* AllFoodViewController.swift */; };
		73B7374529E293520097806F /* FoodCell.swift in Sources */ = {isa = PBXBuildFile; fileRef = 73B7374329E293520097806F /* FoodCell.swift */; };
		73B7374629E293520097806F /* FoodCell.xib in Resources */ = {isa = PBXBuildFile; fileRef = 73B7374429E293520097806F /* FoodCell.xib */; };
		73B7374929E2DCE60097806F /* FridgeResponseModel.swift in Sources */ = {isa = PBXBuildFile; fileRef = 73B7374829E2DCE60097806F /* FridgeResponseModel.swift */; };
		73B7374C29E2EB570097806F /* FridgeService.swift in Sources */ = {isa = PBXBuildFile; fileRef = 73B7374B29E2EB570097806F /* FridgeService.swift */; };
		73B7374F29E2EC5A0097806F /* FridgeViewModel.swift in Sources */ = {isa = PBXBuildFile; fileRef = 73B7374E29E2EC5A0097806F /* FridgeViewModel.swift */; };
		73C18A4529E3F0440037FE3A /* FoodRequestModel.swift in Sources */ = {isa = PBXBuildFile; fileRef = 73C18A4429E3F0440037FE3A /* FoodRequestModel.swift */; };
		73DC2F3D29DAA6A400F47ECD /* APIManger.swift in Sources */ = {isa = PBXBuildFile; fileRef = 73DC2F3C29DAA6A400F47ECD /* APIManger.swift */; };
		73F0D23A29D2DFFE0038BD0C /* AppDelegate.swift in Sources */ = {isa = PBXBuildFile; fileRef = 73F0D23929D2DFFE0038BD0C /* AppDelegate.swift */; };
		73F0D23C29D2DFFE0038BD0C /* SceneDelegate.swift in Sources */ = {isa = PBXBuildFile; fileRef = 73F0D23B29D2DFFE0038BD0C /* SceneDelegate.swift */; };
		73F0D24329D2E0000038BD0C /* Assets.xcassets in Resources */ = {isa = PBXBuildFile; fileRef = 73F0D24229D2E0000038BD0C /* Assets.xcassets */; };
		73F0D24629D2E0000038BD0C /* LaunchScreen.storyboard in Resources */ = {isa = PBXBuildFile; fileRef = 73F0D24429D2E0000038BD0C /* LaunchScreen.storyboard */; };
		73F0D25129D2E0000038BD0C /* IceButler_iOSTests.swift in Sources */ = {isa = PBXBuildFile; fileRef = 73F0D25029D2E0000038BD0C /* IceButler_iOSTests.swift */; };
		73F0D25B29D2E0000038BD0C /* IceButler_iOSUITests.swift in Sources */ = {isa = PBXBuildFile; fileRef = 73F0D25A29D2E0000038BD0C /* IceButler_iOSUITests.swift */; };
		73F0D25D29D2E0000038BD0C /* IceButler_iOSUITestsLaunchTests.swift in Sources */ = {isa = PBXBuildFile; fileRef = 73F0D25C29D2E0000038BD0C /* IceButler_iOSUITestsLaunchTests.swift */; };
		73F26FC129DAA735009E364B /* GeneralResponseModel.swift in Sources */ = {isa = PBXBuildFile; fileRef = 73F26FC029DAA735009E364B /* GeneralResponseModel.swift */; };
		73F26FC429DAA8EB009E364B /* CartResponseModel.swift in Sources */ = {isa = PBXBuildFile; fileRef = 73F26FC329DAA8EB009E364B /* CartResponseModel.swift */; };
		73F26FC629DAA94B009E364B /* CartService.swift in Sources */ = {isa = PBXBuildFile; fileRef = 73F26FC529DAA94B009E364B /* CartService.swift */; };
		73F26FCC29DAACC3009E364B /* CartViewModel.swift in Sources */ = {isa = PBXBuildFile; fileRef = 73F26FCB29DAACC3009E364B /* CartViewModel.swift */; };
		73F62A3829DAB1A5003D779F /* CartRequestModel.swift in Sources */ = {isa = PBXBuildFile; fileRef = 73F62A3729DAB1A5003D779F /* CartRequestModel.swift */; };
		73F62A3C29DCFD52003D779F /* Fridge.storyboard in Resources */ = {isa = PBXBuildFile; fileRef = 73F62A3B29DCFD52003D779F /* Fridge.storyboard */; };
		73F62A3E29DCFD7B003D779F /* FridgeViewController.swift in Sources */ = {isa = PBXBuildFile; fileRef = 73F62A3D29DCFD7B003D779F /* FridgeViewController.swift */; };
		73F62A4029DD01CA003D779F /* BarCodeAdd.storyboard in Resources */ = {isa = PBXBuildFile; fileRef = 73F62A3F29DD01CA003D779F /* BarCodeAdd.storyboard */; };
		73F62A4229DD01DE003D779F /* BarCodeAddViewController.swift in Sources */ = {isa = PBXBuildFile; fileRef = 73F62A4129DD01DE003D779F /* BarCodeAddViewController.swift */; };
		73F62A4429DD11C4003D779F /* BarCodeView.swift in Sources */ = {isa = PBXBuildFile; fileRef = 73F62A4329DD11C4003D779F /* BarCodeView.swift */; };
		73F62A4629DD6015003D779F /* FoodAdd.storyboard in Resources */ = {isa = PBXBuildFile; fileRef = 73F62A4529DD6015003D779F /* FoodAdd.storyboard */; };
		73F62A4829DD7F30003D779F /* FoodAddSelect.storyboard in Resources */ = {isa = PBXBuildFile; fileRef = 73F62A4729DD7F30003D779F /* FoodAddSelect.storyboard */; };
		73F62A4A29DD7F45003D779F /* FoodAddSelectViewController.swift in Sources */ = {isa = PBXBuildFile; fileRef = 73F62A4929DD7F45003D779F /* FoodAddSelectViewController.swift */; };
		73F62A4D29DD81AC003D779F /* FoodAddSelectCell.swift in Sources */ = {isa = PBXBuildFile; fileRef = 73F62A4B29DD81AC003D779F /* FoodAddSelectCell.swift */; };
		73F62A4E29DD81AC003D779F /* FoodAddSelectCell.xib in Resources */ = {isa = PBXBuildFile; fileRef = 73F62A4C29DD81AC003D779F /* FoodAddSelectCell.xib */; };
		73F62A5029DE9F5E003D779F /* FoodAddViewController.swift in Sources */ = {isa = PBXBuildFile; fileRef = 73F62A4F29DE9F5E003D779F /* FoodAddViewController.swift */; };
		73F62A5329DFDADF003D779F /* FoodCategoryCell.swift in Sources */ = {isa = PBXBuildFile; fileRef = 73F62A5129DFDADF003D779F /* FoodCategoryCell.swift */; };
		73F62A5429DFDADF003D779F /* FoodCategoryCell.xib in Resources */ = {isa = PBXBuildFile; fileRef = 73F62A5229DFDADF003D779F /* FoodCategoryCell.xib */; };
		73F62A5829E00F94003D779F /* UIButton+.swift in Sources */ = {isa = PBXBuildFile; fileRef = 73F62A5729E00F94003D779F /* UIButton+.swift */; };
		7593A9D6AB4309D589AD972D /* Pods_IceButler_iOS_IceButler_iOSUITests.framework in Frameworks */ = {isa = PBXBuildFile; fileRef = 236010665AA2D8D3B10A8DC6 /* Pods_IceButler_iOS_IceButler_iOSUITests.framework */; };
		A2459F1B29DFE26700D12089 /* AddFoodViewController.swift in Sources */ = {isa = PBXBuildFile; fileRef = A2459F1A29DFE26700D12089 /* AddFoodViewController.swift */; };
		A2459F1D29DFF7A800D12089 /* AddFoodCollectionViewCell.swift in Sources */ = {isa = PBXBuildFile; fileRef = A2459F1C29DFF7A800D12089 /* AddFoodCollectionViewCell.swift */; };
		A27302DD29D74EE10060944D /* FoodCollectionViewCell.swift in Sources */ = {isa = PBXBuildFile; fileRef = A27302DB29D74EE10060944D /* FoodCollectionViewCell.swift */; };
		A27302DE29D74EE10060944D /* FoodCollectionViewCell.xib in Resources */ = {isa = PBXBuildFile; fileRef = A27302DC29D74EE10060944D /* FoodCollectionViewCell.xib */; };
		A27302E629D853090060944D /* Alert.storyboard in Resources */ = {isa = PBXBuildFile; fileRef = A27302E529D853090060944D /* Alert.storyboard */; };
		A27302E829D853160060944D /* AlertViewController.swift in Sources */ = {isa = PBXBuildFile; fileRef = A27302E729D853160060944D /* AlertViewController.swift */; };
		A28A763F29D54DEF00D127EA /* Cart.storyboard in Resources */ = {isa = PBXBuildFile; fileRef = A28A763E29D54DEF00D127EA /* Cart.storyboard */; };
		A28A764229D54EFA00D127EA /* CartViewController.swift in Sources */ = {isa = PBXBuildFile; fileRef = A28A764129D54EFA00D127EA /* CartViewController.swift */; };
		A28A764429D54F1C00D127EA /* DefaultTabBarController.swift in Sources */ = {isa = PBXBuildFile; fileRef = A28A764329D54F1C00D127EA /* DefaultTabBarController.swift */; };
		A28A764729D5527A00D127EA /* UIDevice+.swift in Sources */ = {isa = PBXBuildFile; fileRef = A28A764629D5527A00D127EA /* UIDevice+.swift */; };
		A28A764929D6B36E00D127EA /* UIColor+.swift in Sources */ = {isa = PBXBuildFile; fileRef = A28A764829D6B36E00D127EA /* UIColor+.swift */; };
		A28A765629D749C700D127EA /* CartMainTableViewCell.swift in Sources */ = {isa = PBXBuildFile; fileRef = A28A765429D749C700D127EA /* CartMainTableViewCell.swift */; };
		A28A765729D749C700D127EA /* CartMainTableViewCell.xib in Resources */ = {isa = PBXBuildFile; fileRef = A28A765529D749C700D127EA /* CartMainTableViewCell.xib */; };
		A2C257A029DA71680040A987 /* CartManager.swift in Sources */ = {isa = PBXBuildFile; fileRef = A2C2579F29DA71680040A987 /* CartManager.swift */; };
		A2CA99DC29DE7BA80020DEEC /* CompleteBuyingViewController.swift in Sources */ = {isa = PBXBuildFile; fileRef = A2CA99DB29DE7BA80020DEEC /* CompleteBuyingViewController.swift */; };
		A2CA99FE29DFC2660020DEEC /* CompleteBuyingTableViewCell.swift in Sources */ = {isa = PBXBuildFile; fileRef = A2CA99FD29DFC2660020DEEC /* CompleteBuyingTableViewCell.swift */; };
		A3161DBC2E056703BF1932B1 /* Pods_IceButler_iOS.framework in Frameworks */ = {isa = PBXBuildFile; fileRef = 97799942B569A0176DFFDED0 /* Pods_IceButler_iOS.framework */; };
/* End PBXBuildFile section */

/* Begin PBXContainerItemProxy section */
		73F0D24D29D2E0000038BD0C /* PBXContainerItemProxy */ = {
			isa = PBXContainerItemProxy;
			containerPortal = 73F0D22E29D2DFFE0038BD0C /* Project object */;
			proxyType = 1;
			remoteGlobalIDString = 73F0D23529D2DFFE0038BD0C;
			remoteInfo = IceButler_iOS;
		};
		73F0D25729D2E0000038BD0C /* PBXContainerItemProxy */ = {
			isa = PBXContainerItemProxy;
			containerPortal = 73F0D22E29D2DFFE0038BD0C /* Project object */;
			proxyType = 1;
			remoteGlobalIDString = 73F0D23529D2DFFE0038BD0C;
			remoteInfo = IceButler_iOS;
		};
/* End PBXContainerItemProxy section */

/* Begin PBXFileReference section */
		236010665AA2D8D3B10A8DC6 /* Pods_IceButler_iOS_IceButler_iOSUITests.framework */ = {isa = PBXFileReference; explicitFileType = wrapper.framework; includeInIndex = 0; path = Pods_IceButler_iOS_IceButler_iOSUITests.framework; sourceTree = BUILT_PRODUCTS_DIR; };
		24675EA834374249763E0980 /* Pods-IceButler_iOSTests.debug.xcconfig */ = {isa = PBXFileReference; includeInIndex = 1; lastKnownFileType = text.xcconfig; name = "Pods-IceButler_iOSTests.debug.xcconfig"; path = "Target Support Files/Pods-IceButler_iOSTests/Pods-IceButler_iOSTests.debug.xcconfig"; sourceTree = "<group>"; };
		6C2264B9924DFAFE47B1F678 /* Pods-IceButler_iOS.debug.xcconfig */ = {isa = PBXFileReference; includeInIndex = 1; lastKnownFileType = text.xcconfig; name = "Pods-IceButler_iOS.debug.xcconfig"; path = "Target Support Files/Pods-IceButler_iOS/Pods-IceButler_iOS.debug.xcconfig"; sourceTree = "<group>"; };
		71520AB6EE790D9359A21DBB /* Pods_IceButler_iOSTests.framework */ = {isa = PBXFileReference; explicitFileType = wrapper.framework; includeInIndex = 0; path = Pods_IceButler_iOSTests.framework; sourceTree = BUILT_PRODUCTS_DIR; };
		71A4557F1B0043751FF6453B /* Pods-IceButler_iOSTests.release.xcconfig */ = {isa = PBXFileReference; includeInIndex = 1; lastKnownFileType = text.xcconfig; name = "Pods-IceButler_iOSTests.release.xcconfig"; path = "Target Support Files/Pods-IceButler_iOSTests/Pods-IceButler_iOSTests.release.xcconfig"; sourceTree = "<group>"; };
		7339CD6C29E5B390002A6D78 /* AuthMain.storyboard */ = {isa = PBXFileReference; lastKnownFileType = file.storyboard; path = AuthMain.storyboard; sourceTree = "<group>"; };
		7339CD6E29E5B39D002A6D78 /* AuthMainViewController.swift */ = {isa = PBXFileReference; lastKnownFileType = sourcecode.swift; path = AuthMainViewController.swift; sourceTree = "<group>"; };
		7339CD7129E5B56A002A6D78 /* AuthService.swift */ = {isa = PBXFileReference; lastKnownFileType = sourcecode.swift; path = AuthService.swift; sourceTree = "<group>"; };
		7339CD7429E5B6B0002A6D78 /* AuthViewModel.swift */ = {isa = PBXFileReference; lastKnownFileType = sourcecode.swift; path = AuthViewModel.swift; sourceTree = "<group>"; };
		7339CD7E29E671B0002A6D78 /* AuthUserInfo.storyboard */ = {isa = PBXFileReference; lastKnownFileType = file.storyboard; path = AuthUserInfo.storyboard; sourceTree = "<group>"; };
		7339CD8029E67406002A6D78 /* AuthUserInfoViewController.swift */ = {isa = PBXFileReference; lastKnownFileType = sourcecode.swift; path = AuthUserInfoViewController.swift; sourceTree = "<group>"; };
		7339CD8229E67F22002A6D78 /* AuthRequestModel.swift */ = {isa = PBXFileReference; lastKnownFileType = sourcecode.swift; path = AuthRequestModel.swift; sourceTree = "<group>"; };
		7339CD8529E68818002A6D78 /* AuthResponseModel.swift */ = {isa = PBXFileReference; lastKnownFileType = sourcecode.swift; path = AuthResponseModel.swift; sourceTree = "<group>"; };
		738CAC8429E310CF009EF9D2 /* FoodDetail.storyboard */ = {isa = PBXFileReference; lastKnownFileType = file.storyboard; path = FoodDetail.storyboard; sourceTree = "<group>"; };
		738CAC8629E31349009EF9D2 /* FoodDetailViewController.swift */ = {isa = PBXFileReference; lastKnownFileType = sourcecode.swift; path = FoodDetailViewController.swift; sourceTree = "<group>"; };
		738CAC8929E32773009EF9D2 /* FoodViewModel.swift */ = {isa = PBXFileReference; lastKnownFileType = sourcecode.swift; path = FoodViewModel.swift; sourceTree = "<group>"; };
		738CAC8D29E32817009EF9D2 /* FoodResponseModel.swift */ = {isa = PBXFileReference; lastKnownFileType = sourcecode.swift; path = FoodResponseModel.swift; sourceTree = "<group>"; };
		738CAC8F29E32858009EF9D2 /* FoodService.swift */ = {isa = PBXFileReference; lastKnownFileType = sourcecode.swift; path = FoodService.swift; sourceTree = "<group>"; };
		73B7371B29E1427A0097806F /* FoodAddImageCell.swift */ = {isa = PBXFileReference; lastKnownFileType = sourcecode.swift; path = FoodAddImageCell.swift; sourceTree = "<group>"; };
		73B7371C29E1427A0097806F /* FoodAddImageCell.xib */ = {isa = PBXFileReference; lastKnownFileType = file.xib; path = FoodAddImageCell.xib; sourceTree = "<group>"; };
		73B7371F29E160750097806F /* UICollectionViewFlowLayout+.swift */ = {isa = PBXFileReference; lastKnownFileType = sourcecode.swift; path = "UICollectionViewFlowLayout+.swift"; sourceTree = "<group>"; };
		73B7372129E1B2040097806F /* FoodOwnerCell.swift */ = {isa = PBXFileReference; lastKnownFileType = sourcecode.swift; path = FoodOwnerCell.swift; sourceTree = "<group>"; };
		73B7372229E1B2040097806F /* FoodOwnerCell.xib */ = {isa = PBXFileReference; lastKnownFileType = file.xib; path = FoodOwnerCell.xib; sourceTree = "<group>"; };
		73B7372729E24F510097806F /* FoodCategory.swift */ = {isa = PBXFileReference; lastKnownFileType = sourcecode.swift; path = FoodCategory.swift; sourceTree = "<group>"; };
		73B7372929E24FDB0097806F /* MeatViewController.swift */ = {isa = PBXFileReference; lastKnownFileType = sourcecode.swift; path = MeatViewController.swift; sourceTree = "<group>"; };
		73B7372B29E250010097806F /* FruitViewController.swift */ = {isa = PBXFileReference; lastKnownFileType = sourcecode.swift; path = FruitViewController.swift; sourceTree = "<group>"; };
		73B7372D29E250120097806F /* VegetableViewController.swift */ = {isa = PBXFileReference; lastKnownFileType = sourcecode.swift; path = VegetableViewController.swift; sourceTree = "<group>"; };
		73B7372F29E2501A0097806F /* DrinkViewController.swift */ = {isa = PBXFileReference; lastKnownFileType = sourcecode.swift; path = DrinkViewController.swift; sourceTree = "<group>"; };
		73B7373129E250330097806F /* MarineProductsViewController.swift */ = {isa = PBXFileReference; lastKnownFileType = sourcecode.swift; path = MarineProductsViewController.swift; sourceTree = "<group>"; };
		73B7373329E250430097806F /* SideViewController.swift */ = {isa = PBXFileReference; lastKnownFileType = sourcecode.swift; path = SideViewController.swift; sourceTree = "<group>"; };
		73B7373529E2504A0097806F /* SnackViewController.swift */ = {isa = PBXFileReference; lastKnownFileType = sourcecode.swift; path = SnackViewController.swift; sourceTree = "<group>"; };
		73B7373729E2505B0097806F /* SeasoningViewController.swift */ = {isa = PBXFileReference; lastKnownFileType = sourcecode.swift; path = SeasoningViewController.swift; sourceTree = "<group>"; };
		73B7373929E250680097806F /* ProcessedFoodViewController.swift */ = {isa = PBXFileReference; lastKnownFileType = sourcecode.swift; path = ProcessedFoodViewController.swift; sourceTree = "<group>"; };
		73B7373B29E250700097806F /* ETCViewController.swift */ = {isa = PBXFileReference; lastKnownFileType = sourcecode.swift; path = ETCViewController.swift; sourceTree = "<group>"; };
		73B7373D29E2507A0097806F /* AllFoodViewController.swift */ = {isa = PBXFileReference; lastKnownFileType = sourcecode.swift; path = AllFoodViewController.swift; sourceTree = "<group>"; };
		73B7374329E293520097806F /* FoodCell.swift */ = {isa = PBXFileReference; lastKnownFileType = sourcecode.swift; path = FoodCell.swift; sourceTree = "<group>"; };
		73B7374429E293520097806F /* FoodCell.xib */ = {isa = PBXFileReference; lastKnownFileType = file.xib; path = FoodCell.xib; sourceTree = "<group>"; };
		73B7374829E2DCE60097806F /* FridgeResponseModel.swift */ = {isa = PBXFileReference; lastKnownFileType = sourcecode.swift; path = FridgeResponseModel.swift; sourceTree = "<group>"; };
		73B7374B29E2EB570097806F /* FridgeService.swift */ = {isa = PBXFileReference; lastKnownFileType = sourcecode.swift; path = FridgeService.swift; sourceTree = "<group>"; };
		73B7374E29E2EC5A0097806F /* FridgeViewModel.swift */ = {isa = PBXFileReference; lastKnownFileType = sourcecode.swift; path = FridgeViewModel.swift; sourceTree = "<group>"; };
		73C18A4429E3F0440037FE3A /* FoodRequestModel.swift */ = {isa = PBXFileReference; lastKnownFileType = sourcecode.swift; path = FoodRequestModel.swift; sourceTree = "<group>"; };
		73DC2F3C29DAA6A400F47ECD /* APIManger.swift */ = {isa = PBXFileReference; lastKnownFileType = sourcecode.swift; path = APIManger.swift; sourceTree = "<group>"; };
		73F0D23629D2DFFE0038BD0C /* IceButler_iOS.app */ = {isa = PBXFileReference; explicitFileType = wrapper.application; includeInIndex = 0; path = IceButler_iOS.app; sourceTree = BUILT_PRODUCTS_DIR; };
		73F0D23929D2DFFE0038BD0C /* AppDelegate.swift */ = {isa = PBXFileReference; lastKnownFileType = sourcecode.swift; path = AppDelegate.swift; sourceTree = "<group>"; };
		73F0D23B29D2DFFE0038BD0C /* SceneDelegate.swift */ = {isa = PBXFileReference; lastKnownFileType = sourcecode.swift; path = SceneDelegate.swift; sourceTree = "<group>"; };
		73F0D24229D2E0000038BD0C /* Assets.xcassets */ = {isa = PBXFileReference; lastKnownFileType = folder.assetcatalog; path = Assets.xcassets; sourceTree = "<group>"; };
		73F0D24529D2E0000038BD0C /* Base */ = {isa = PBXFileReference; lastKnownFileType = file.storyboard; name = Base; path = Base.lproj/LaunchScreen.storyboard; sourceTree = "<group>"; };
		73F0D24729D2E0000038BD0C /* Info.plist */ = {isa = PBXFileReference; lastKnownFileType = text.plist.xml; path = Info.plist; sourceTree = "<group>"; };
		73F0D24C29D2E0000038BD0C /* IceButler_iOSTests.xctest */ = {isa = PBXFileReference; explicitFileType = wrapper.cfbundle; includeInIndex = 0; path = IceButler_iOSTests.xctest; sourceTree = BUILT_PRODUCTS_DIR; };
		73F0D25029D2E0000038BD0C /* IceButler_iOSTests.swift */ = {isa = PBXFileReference; lastKnownFileType = sourcecode.swift; path = IceButler_iOSTests.swift; sourceTree = "<group>"; };
		73F0D25629D2E0000038BD0C /* IceButler_iOSUITests.xctest */ = {isa = PBXFileReference; explicitFileType = wrapper.cfbundle; includeInIndex = 0; path = IceButler_iOSUITests.xctest; sourceTree = BUILT_PRODUCTS_DIR; };
		73F0D25A29D2E0000038BD0C /* IceButler_iOSUITests.swift */ = {isa = PBXFileReference; lastKnownFileType = sourcecode.swift; path = IceButler_iOSUITests.swift; sourceTree = "<group>"; };
		73F0D25C29D2E0000038BD0C /* IceButler_iOSUITestsLaunchTests.swift */ = {isa = PBXFileReference; lastKnownFileType = sourcecode.swift; path = IceButler_iOSUITestsLaunchTests.swift; sourceTree = "<group>"; };
		73F26FC029DAA735009E364B /* GeneralResponseModel.swift */ = {isa = PBXFileReference; lastKnownFileType = sourcecode.swift; path = GeneralResponseModel.swift; sourceTree = "<group>"; };
		73F26FC329DAA8EB009E364B /* CartResponseModel.swift */ = {isa = PBXFileReference; lastKnownFileType = sourcecode.swift; path = CartResponseModel.swift; sourceTree = "<group>"; };
		73F26FC529DAA94B009E364B /* CartService.swift */ = {isa = PBXFileReference; lastKnownFileType = sourcecode.swift; path = CartService.swift; sourceTree = "<group>"; };
		73F26FCB29DAACC3009E364B /* CartViewModel.swift */ = {isa = PBXFileReference; lastKnownFileType = sourcecode.swift; path = CartViewModel.swift; sourceTree = "<group>"; };
		73F62A3729DAB1A5003D779F /* CartRequestModel.swift */ = {isa = PBXFileReference; lastKnownFileType = sourcecode.swift; path = CartRequestModel.swift; sourceTree = "<group>"; };
		73F62A3B29DCFD52003D779F /* Fridge.storyboard */ = {isa = PBXFileReference; lastKnownFileType = file.storyboard; path = Fridge.storyboard; sourceTree = "<group>"; };
		73F62A3D29DCFD7B003D779F /* FridgeViewController.swift */ = {isa = PBXFileReference; lastKnownFileType = sourcecode.swift; path = FridgeViewController.swift; sourceTree = "<group>"; };
		73F62A3F29DD01CA003D779F /* BarCodeAdd.storyboard */ = {isa = PBXFileReference; lastKnownFileType = file.storyboard; path = BarCodeAdd.storyboard; sourceTree = "<group>"; };
		73F62A4129DD01DE003D779F /* BarCodeAddViewController.swift */ = {isa = PBXFileReference; lastKnownFileType = sourcecode.swift; path = BarCodeAddViewController.swift; sourceTree = "<group>"; };
		73F62A4329DD11C4003D779F /* BarCodeView.swift */ = {isa = PBXFileReference; lastKnownFileType = sourcecode.swift; path = BarCodeView.swift; sourceTree = "<group>"; };
		73F62A4529DD6015003D779F /* FoodAdd.storyboard */ = {isa = PBXFileReference; lastKnownFileType = file.storyboard; path = FoodAdd.storyboard; sourceTree = "<group>"; };
		73F62A4729DD7F30003D779F /* FoodAddSelect.storyboard */ = {isa = PBXFileReference; lastKnownFileType = file.storyboard; path = FoodAddSelect.storyboard; sourceTree = "<group>"; };
		73F62A4929DD7F45003D779F /* FoodAddSelectViewController.swift */ = {isa = PBXFileReference; lastKnownFileType = sourcecode.swift; path = FoodAddSelectViewController.swift; sourceTree = "<group>"; };
		73F62A4B29DD81AC003D779F /* FoodAddSelectCell.swift */ = {isa = PBXFileReference; lastKnownFileType = sourcecode.swift; path = FoodAddSelectCell.swift; sourceTree = "<group>"; };
		73F62A4C29DD81AC003D779F /* FoodAddSelectCell.xib */ = {isa = PBXFileReference; lastKnownFileType = file.xib; path = FoodAddSelectCell.xib; sourceTree = "<group>"; };
		73F62A4F29DE9F5E003D779F /* FoodAddViewController.swift */ = {isa = PBXFileReference; lastKnownFileType = sourcecode.swift; path = FoodAddViewController.swift; sourceTree = "<group>"; };
		73F62A5129DFDADF003D779F /* FoodCategoryCell.swift */ = {isa = PBXFileReference; lastKnownFileType = sourcecode.swift; path = FoodCategoryCell.swift; sourceTree = "<group>"; };
		73F62A5229DFDADF003D779F /* FoodCategoryCell.xib */ = {isa = PBXFileReference; lastKnownFileType = file.xib; path = FoodCategoryCell.xib; sourceTree = "<group>"; };
		73F62A5729E00F94003D779F /* UIButton+.swift */ = {isa = PBXFileReference; lastKnownFileType = sourcecode.swift; path = "UIButton+.swift"; sourceTree = "<group>"; };
		802F4E91FBD50A88599AD4EE /* Pods-IceButler_iOS-IceButler_iOSUITests.debug.xcconfig */ = {isa = PBXFileReference; includeInIndex = 1; lastKnownFileType = text.xcconfig; name = "Pods-IceButler_iOS-IceButler_iOSUITests.debug.xcconfig"; path = "Target Support Files/Pods-IceButler_iOS-IceButler_iOSUITests/Pods-IceButler_iOS-IceButler_iOSUITests.debug.xcconfig"; sourceTree = "<group>"; };
		97799942B569A0176DFFDED0 /* Pods_IceButler_iOS.framework */ = {isa = PBXFileReference; explicitFileType = wrapper.framework; includeInIndex = 0; path = Pods_IceButler_iOS.framework; sourceTree = BUILT_PRODUCTS_DIR; };
		A2459F1A29DFE26700D12089 /* AddFoodViewController.swift */ = {isa = PBXFileReference; lastKnownFileType = sourcecode.swift; path = AddFoodViewController.swift; sourceTree = "<group>"; };
		A2459F1C29DFF7A800D12089 /* AddFoodCollectionViewCell.swift */ = {isa = PBXFileReference; lastKnownFileType = sourcecode.swift; path = AddFoodCollectionViewCell.swift; sourceTree = "<group>"; };
		A27302DB29D74EE10060944D /* FoodCollectionViewCell.swift */ = {isa = PBXFileReference; lastKnownFileType = sourcecode.swift; path = FoodCollectionViewCell.swift; sourceTree = "<group>"; };
		A27302DC29D74EE10060944D /* FoodCollectionViewCell.xib */ = {isa = PBXFileReference; lastKnownFileType = file.xib; path = FoodCollectionViewCell.xib; sourceTree = "<group>"; };
		A27302E529D853090060944D /* Alert.storyboard */ = {isa = PBXFileReference; lastKnownFileType = file.storyboard; path = Alert.storyboard; sourceTree = "<group>"; };
		A27302E729D853160060944D /* AlertViewController.swift */ = {isa = PBXFileReference; lastKnownFileType = sourcecode.swift; path = AlertViewController.swift; sourceTree = "<group>"; };
		A28A763E29D54DEF00D127EA /* Cart.storyboard */ = {isa = PBXFileReference; lastKnownFileType = file.storyboard; path = Cart.storyboard; sourceTree = "<group>"; };
		A28A764129D54EFA00D127EA /* CartViewController.swift */ = {isa = PBXFileReference; lastKnownFileType = sourcecode.swift; path = CartViewController.swift; sourceTree = "<group>"; };
		A28A764329D54F1C00D127EA /* DefaultTabBarController.swift */ = {isa = PBXFileReference; lastKnownFileType = sourcecode.swift; path = DefaultTabBarController.swift; sourceTree = "<group>"; };
		A28A764629D5527A00D127EA /* UIDevice+.swift */ = {isa = PBXFileReference; lastKnownFileType = sourcecode.swift; path = "UIDevice+.swift"; sourceTree = "<group>"; };
		A28A764829D6B36E00D127EA /* UIColor+.swift */ = {isa = PBXFileReference; lastKnownFileType = sourcecode.swift; path = "UIColor+.swift"; sourceTree = "<group>"; };
		A28A765429D749C700D127EA /* CartMainTableViewCell.swift */ = {isa = PBXFileReference; lastKnownFileType = sourcecode.swift; path = CartMainTableViewCell.swift; sourceTree = "<group>"; };
		A28A765529D749C700D127EA /* CartMainTableViewCell.xib */ = {isa = PBXFileReference; lastKnownFileType = file.xib; path = CartMainTableViewCell.xib; sourceTree = "<group>"; };
		A2C2579F29DA71680040A987 /* CartManager.swift */ = {isa = PBXFileReference; lastKnownFileType = sourcecode.swift; path = CartManager.swift; sourceTree = "<group>"; };
		A2CA99DB29DE7BA80020DEEC /* CompleteBuyingViewController.swift */ = {isa = PBXFileReference; lastKnownFileType = sourcecode.swift; path = CompleteBuyingViewController.swift; sourceTree = "<group>"; };
		A2CA99FD29DFC2660020DEEC /* CompleteBuyingTableViewCell.swift */ = {isa = PBXFileReference; lastKnownFileType = sourcecode.swift; path = CompleteBuyingTableViewCell.swift; sourceTree = "<group>"; };
		D28456CA7BE41F836612B66E /* Pods-IceButler_iOS-IceButler_iOSUITests.release.xcconfig */ = {isa = PBXFileReference; includeInIndex = 1; lastKnownFileType = text.xcconfig; name = "Pods-IceButler_iOS-IceButler_iOSUITests.release.xcconfig"; path = "Target Support Files/Pods-IceButler_iOS-IceButler_iOSUITests/Pods-IceButler_iOS-IceButler_iOSUITests.release.xcconfig"; sourceTree = "<group>"; };
		E470A0018DCDEB6D049D1645 /* Pods-IceButler_iOS.release.xcconfig */ = {isa = PBXFileReference; includeInIndex = 1; lastKnownFileType = text.xcconfig; name = "Pods-IceButler_iOS.release.xcconfig"; path = "Target Support Files/Pods-IceButler_iOS/Pods-IceButler_iOS.release.xcconfig"; sourceTree = "<group>"; };
/* End PBXFileReference section */

/* Begin PBXFrameworksBuildPhase section */
		73F0D23329D2DFFE0038BD0C /* Frameworks */ = {
			isa = PBXFrameworksBuildPhase;
			buildActionMask = 2147483647;
			files = (
				A3161DBC2E056703BF1932B1 /* Pods_IceButler_iOS.framework in Frameworks */,
			);
			runOnlyForDeploymentPostprocessing = 0;
		};
		73F0D24929D2E0000038BD0C /* Frameworks */ = {
			isa = PBXFrameworksBuildPhase;
			buildActionMask = 2147483647;
			files = (
				66CF0EC13B3373BB87EC99CC /* Pods_IceButler_iOSTests.framework in Frameworks */,
			);
			runOnlyForDeploymentPostprocessing = 0;
		};
		73F0D25329D2E0000038BD0C /* Frameworks */ = {
			isa = PBXFrameworksBuildPhase;
			buildActionMask = 2147483647;
			files = (
				7593A9D6AB4309D589AD972D /* Pods_IceButler_iOS_IceButler_iOSUITests.framework in Frameworks */,
			);
			runOnlyForDeploymentPostprocessing = 0;
		};
/* End PBXFrameworksBuildPhase section */

/* Begin PBXGroup section */
		3F75B132BEEF22C92E9D3961 /* Pods */ = {
			isa = PBXGroup;
			children = (
				6C2264B9924DFAFE47B1F678 /* Pods-IceButler_iOS.debug.xcconfig */,
				E470A0018DCDEB6D049D1645 /* Pods-IceButler_iOS.release.xcconfig */,
				802F4E91FBD50A88599AD4EE /* Pods-IceButler_iOS-IceButler_iOSUITests.debug.xcconfig */,
				D28456CA7BE41F836612B66E /* Pods-IceButler_iOS-IceButler_iOSUITests.release.xcconfig */,
				24675EA834374249763E0980 /* Pods-IceButler_iOSTests.debug.xcconfig */,
				71A4557F1B0043751FF6453B /* Pods-IceButler_iOSTests.release.xcconfig */,
			);
			path = Pods;
			sourceTree = "<group>";
		};
		55CFBAB4170327659B818DB0 /* Frameworks */ = {
			isa = PBXGroup;
			children = (
				97799942B569A0176DFFDED0 /* Pods_IceButler_iOS.framework */,
				236010665AA2D8D3B10A8DC6 /* Pods_IceButler_iOS_IceButler_iOSUITests.framework */,
				71520AB6EE790D9359A21DBB /* Pods_IceButler_iOSTests.framework */,
			);
			name = Frameworks;
			sourceTree = "<group>";
		};
		7339CD6B29E5B381002A6D78 /* Auth */ = {
			isa = PBXGroup;
			children = (
				7339CD6C29E5B390002A6D78 /* AuthMain.storyboard */,
				7339CD6E29E5B39D002A6D78 /* AuthMainViewController.swift */,
				7339CD7E29E671B0002A6D78 /* AuthUserInfo.storyboard */,
				7339CD8029E67406002A6D78 /* AuthUserInfoViewController.swift */,
			);
			path = Auth;
			sourceTree = "<group>";
		};
		7339CD7029E5B55F002A6D78 /* Auth */ = {
			isa = PBXGroup;
			children = (
				7339CD7129E5B56A002A6D78 /* AuthService.swift */,
			);
			path = Auth;
			sourceTree = "<group>";
		};
		7339CD7329E5B6A6002A6D78 /* Auth */ = {
			isa = PBXGroup;
			children = (
				7339CD7429E5B6B0002A6D78 /* AuthViewModel.swift */,
			);
			path = Auth;
			sourceTree = "<group>";
		};
		7339CD8429E67FC6002A6D78 /* Auth */ = {
			isa = PBXGroup;
			children = (
				7339CD8229E67F22002A6D78 /* AuthRequestModel.swift */,
				7339CD8529E68818002A6D78 /* AuthResponseModel.swift */,
			);
			path = Auth;
			sourceTree = "<group>";
		};
		738CAC8829E32767009EF9D2 /* Food */ = {
			isa = PBXGroup;
			children = (
				738CAC8929E32773009EF9D2 /* FoodViewModel.swift */,
			);
			path = Food;
			sourceTree = "<group>";
		};
		738CAC8B29E32804009EF9D2 /* Food */ = {
			isa = PBXGroup;
			children = (
				738CAC8F29E32858009EF9D2 /* FoodService.swift */,
			);
			name = Food;
			path = "래ㅐㅇ";
			sourceTree = "<group>";
		};
		738CAC8C29E3280C009EF9D2 /* Food */ = {
			isa = PBXGroup;
			children = (
				738CAC8D29E32817009EF9D2 /* FoodResponseModel.swift */,
				73C18A4429E3F0440037FE3A /* FoodRequestModel.swift */,
			);
			path = Food;
			sourceTree = "<group>";
		};
		73B7372529E24EE20097806F /* CategoryFoods */ = {
			isa = PBXGroup;
			children = (
				73B7373D29E2507A0097806F /* AllFoodViewController.swift */,
				73B7372929E24FDB0097806F /* MeatViewController.swift */,
				73B7372B29E250010097806F /* FruitViewController.swift */,
				73B7372D29E250120097806F /* VegetableViewController.swift */,
				73B7372F29E2501A0097806F /* DrinkViewController.swift */,
				73B7373129E250330097806F /* MarineProductsViewController.swift */,
				73B7373329E250430097806F /* SideViewController.swift */,
				73B7373529E2504A0097806F /* SnackViewController.swift */,
				73B7373729E2505B0097806F /* SeasoningViewController.swift */,
				73B7373929E250680097806F /* ProcessedFoodViewController.swift */,
				73B7373B29E250700097806F /* ETCViewController.swift */,
			);
			path = CategoryFoods;
			sourceTree = "<group>";
		};
		73B7372629E24F410097806F /* Enums */ = {
			isa = PBXGroup;
			children = (
				73B7372729E24F510097806F /* FoodCategory.swift */,
			);
			path = Enums;
			sourceTree = "<group>";
		};
		73B7374729E2DCD10097806F /* Fridge */ = {
			isa = PBXGroup;
			children = (
				73B7374829E2DCE60097806F /* FridgeResponseModel.swift */,
			);
			path = Fridge;
			sourceTree = "<group>";
		};
		73B7374A29E2EB4A0097806F /* Fridge */ = {
			isa = PBXGroup;
			children = (
				73B7374B29E2EB570097806F /* FridgeService.swift */,
			);
			path = Fridge;
			sourceTree = "<group>";
		};
		73B7374D29E2EC4D0097806F /* Fridge */ = {
			isa = PBXGroup;
			children = (
				73B7374E29E2EC5A0097806F /* FridgeViewModel.swift */,
			);
			path = Fridge;
			sourceTree = "<group>";
		};
		73DC2F3A29DAA69200F47ECD /* Data */ = {
			isa = PBXGroup;
			children = (
				73F26FBE29DAA71B009E364B /* Service */,
				73F26FBD29DAA716009E364B /* Model */,
			);
			path = Data;
			sourceTree = "<group>";
		};
		73DC2F3B29DAA69800F47ECD /* Network */ = {
			isa = PBXGroup;
			children = (
				73DC2F3C29DAA6A400F47ECD /* APIManger.swift */,
			);
			path = Network;
			sourceTree = "<group>";
		};
		73F0D22D29D2DFFE0038BD0C = {
			isa = PBXGroup;
			children = (
				73F0D23829D2DFFE0038BD0C /* IceButler_iOS */,
				73F0D24F29D2E0000038BD0C /* IceButler_iOSTests */,
				73F0D25929D2E0000038BD0C /* IceButler_iOSUITests */,
				73F0D23729D2DFFE0038BD0C /* Products */,
				3F75B132BEEF22C92E9D3961 /* Pods */,
				55CFBAB4170327659B818DB0 /* Frameworks */,
			);
			sourceTree = "<group>";
		};
		73F0D23729D2DFFE0038BD0C /* Products */ = {
			isa = PBXGroup;
			children = (
				73F0D23629D2DFFE0038BD0C /* IceButler_iOS.app */,
				73F0D24C29D2E0000038BD0C /* IceButler_iOSTests.xctest */,
				73F0D25629D2E0000038BD0C /* IceButler_iOSUITests.xctest */,
			);
			name = Products;
			sourceTree = "<group>";
		};
		73F0D23829D2DFFE0038BD0C /* IceButler_iOS */ = {
			isa = PBXGroup;
			children = (
				73F0D26929D2E0500038BD0C /* App */,
				73DC2F3A29DAA69200F47ECD /* Data */,
				73F0D27029D2E1260038BD0C /* Global */,
				73F0D24729D2E0000038BD0C /* Info.plist */,
				73DC2F3B29DAA69800F47ECD /* Network */,
				73F0D26F29D2E1130038BD0C /* Presentation */,
			);
			path = IceButler_iOS;
			sourceTree = "<group>";
		};
		73F0D24F29D2E0000038BD0C /* IceButler_iOSTests */ = {
			isa = PBXGroup;
			children = (
				73F0D25029D2E0000038BD0C /* IceButler_iOSTests.swift */,
			);
			path = IceButler_iOSTests;
			sourceTree = "<group>";
		};
		73F0D25929D2E0000038BD0C /* IceButler_iOSUITests */ = {
			isa = PBXGroup;
			children = (
				73F0D25A29D2E0000038BD0C /* IceButler_iOSUITests.swift */,
				73F0D25C29D2E0000038BD0C /* IceButler_iOSUITestsLaunchTests.swift */,
			);
			path = IceButler_iOSUITests;
			sourceTree = "<group>";
		};
		73F0D26929D2E0500038BD0C /* App */ = {
			isa = PBXGroup;
			children = (
				73F0D23929D2DFFE0038BD0C /* AppDelegate.swift */,
				73F0D23B29D2DFFE0038BD0C /* SceneDelegate.swift */,
			);
			path = App;
			sourceTree = "<group>";
		};
		73F0D26F29D2E1130038BD0C /* Presentation */ = {
			isa = PBXGroup;
			children = (
				73F26FC929DAACB2009E364B /* ViewModel */,
				A28A764B29D6F01200D127EA /* ViewControllers */,
				A28A764A29D6F00500D127EA /* Cells */,
				A28A764329D54F1C00D127EA /* DefaultTabBarController.swift */,
			);
			path = Presentation;
			sourceTree = "<group>";
		};
		73F0D27029D2E1260038BD0C /* Global */ = {
			isa = PBXGroup;
			children = (
				73B7372629E24F410097806F /* Enums */,
				A28A764529D5526D00D127EA /* Extensions */,
				73F0D27229D2E1380038BD0C /* Splash */,
				73F0D27129D2E12C0038BD0C /* Resource */,
			);
			path = Global;
			sourceTree = "<group>";
		};
		73F0D27129D2E12C0038BD0C /* Resource */ = {
			isa = PBXGroup;
			children = (
				73F0D24229D2E0000038BD0C /* Assets.xcassets */,
			);
			path = Resource;
			sourceTree = "<group>";
		};
		73F0D27229D2E1380038BD0C /* Splash */ = {
			isa = PBXGroup;
			children = (
				73F0D24429D2E0000038BD0C /* LaunchScreen.storyboard */,
			);
			path = Splash;
			sourceTree = "<group>";
		};
		73F26FBD29DAA716009E364B /* Model */ = {
			isa = PBXGroup;
			children = (
				7339CD8429E67FC6002A6D78 /* Auth */,
				738CAC8C29E3280C009EF9D2 /* Food */,
				73B7374729E2DCD10097806F /* Fridge */,
				73F26FBF29DAA723009E364B /* Cart */,
				73F26FC029DAA735009E364B /* GeneralResponseModel.swift */,
			);
			path = Model;
			sourceTree = "<group>";
		};
		73F26FBE29DAA71B009E364B /* Service */ = {
			isa = PBXGroup;
			children = (
				7339CD7029E5B55F002A6D78 /* Auth */,
				738CAC8B29E32804009EF9D2 /* Food */,
				73B7374A29E2EB4A0097806F /* Fridge */,
				73F26FC229DAA7E1009E364B /* Cart */,
			);
			path = Service;
			sourceTree = "<group>";
		};
		73F26FBF29DAA723009E364B /* Cart */ = {
			isa = PBXGroup;
			children = (
				73F26FC329DAA8EB009E364B /* CartResponseModel.swift */,
				73F62A3729DAB1A5003D779F /* CartRequestModel.swift */,
			);
			path = Cart;
			sourceTree = "<group>";
		};
		73F26FC229DAA7E1009E364B /* Cart */ = {
			isa = PBXGroup;
			children = (
				73F26FC529DAA94B009E364B /* CartService.swift */,
			);
			path = Cart;
			sourceTree = "<group>";
		};
		73F26FC929DAACB2009E364B /* ViewModel */ = {
			isa = PBXGroup;
			children = (
				7339CD7329E5B6A6002A6D78 /* Auth */,
				738CAC8829E32767009EF9D2 /* Food */,
				73B7374D29E2EC4D0097806F /* Fridge */,
				73F26FCA29DAACBC009E364B /* Cart */,
			);
			path = ViewModel;
			sourceTree = "<group>";
		};
		73F26FCA29DAACBC009E364B /* Cart */ = {
			isa = PBXGroup;
			children = (
				73F26FCB29DAACC3009E364B /* CartViewModel.swift */,
			);
			path = Cart;
			sourceTree = "<group>";
		};
		73F62A3929DCF7D9003D779F /* Food */ = {
			isa = PBXGroup;
			children = (
				73F62A3F29DD01CA003D779F /* BarCodeAdd.storyboard */,
				73F62A4129DD01DE003D779F /* BarCodeAddViewController.swift */,
				73F62A4329DD11C4003D779F /* BarCodeView.swift */,
				73F62A4529DD6015003D779F /* FoodAdd.storyboard */,
				73F62A4F29DE9F5E003D779F /* FoodAddViewController.swift */,
				738CAC8429E310CF009EF9D2 /* FoodDetail.storyboard */,
				738CAC8629E31349009EF9D2 /* FoodDetailViewController.swift */,
			);
			path = Food;
			sourceTree = "<group>";
		};
		73F62A3A29DCFD2E003D779F /* Fridge */ = {
			isa = PBXGroup;
			children = (
				73B7372529E24EE20097806F /* CategoryFoods */,
				73F62A3B29DCFD52003D779F /* Fridge.storyboard */,
				73F62A3D29DCFD7B003D779F /* FridgeViewController.swift */,
				73F62A4729DD7F30003D779F /* FoodAddSelect.storyboard */,
				73F62A4929DD7F45003D779F /* FoodAddSelectViewController.swift */,
			);
			path = Fridge;
			sourceTree = "<group>";
		};
		A27302E429D852F20060944D /* Alert */ = {
			isa = PBXGroup;
			children = (
				A27302E529D853090060944D /* Alert.storyboard */,
				A2CA99DB29DE7BA80020DEEC /* CompleteBuyingViewController.swift */,
				A27302E729D853160060944D /* AlertViewController.swift */,
			);
			path = Alert;
			sourceTree = "<group>";
		};
		A28A763D29D54D6F00D127EA /* Cart */ = {
			isa = PBXGroup;
			children = (
				A28A763E29D54DEF00D127EA /* Cart.storyboard */,
				A28A764129D54EFA00D127EA /* CartViewController.swift */,
				A2C2579F29DA71680040A987 /* CartManager.swift */,
				A2459F1A29DFE26700D12089 /* AddFoodViewController.swift */,
			);
			path = Cart;
			sourceTree = "<group>";
		};
		A28A764529D5526D00D127EA /* Extensions */ = {
			isa = PBXGroup;
			children = (
				A28A764629D5527A00D127EA /* UIDevice+.swift */,
				A28A764829D6B36E00D127EA /* UIColor+.swift */,
				73F62A5729E00F94003D779F /* UIButton+.swift */,
				73B7371F29E160750097806F /* UICollectionViewFlowLayout+.swift */,
			);
			path = Extensions;
			sourceTree = "<group>";
		};
		A28A764A29D6F00500D127EA /* Cells */ = {
			isa = PBXGroup;
			children = (
				A28A765429D749C700D127EA /* CartMainTableViewCell.swift */,
				A28A765529D749C700D127EA /* CartMainTableViewCell.xib */,
				A27302DB29D74EE10060944D /* FoodCollectionViewCell.swift */,
				A27302DC29D74EE10060944D /* FoodCollectionViewCell.xib */,
				A2CA99FD29DFC2660020DEEC /* CompleteBuyingTableViewCell.swift */,
				A2459F1C29DFF7A800D12089 /* AddFoodCollectionViewCell.swift */,
				73F62A4B29DD81AC003D779F /* FoodAddSelectCell.swift */,
				73F62A4C29DD81AC003D779F /* FoodAddSelectCell.xib */,
				73F62A5129DFDADF003D779F /* FoodCategoryCell.swift */,
				73F62A5229DFDADF003D779F /* FoodCategoryCell.xib */,
				73B7371B29E1427A0097806F /* FoodAddImageCell.swift */,
				73B7371C29E1427A0097806F /* FoodAddImageCell.xib */,
				73B7372129E1B2040097806F /* FoodOwnerCell.swift */,
				73B7372229E1B2040097806F /* FoodOwnerCell.xib */,
				73B7374329E293520097806F /* FoodCell.swift */,
				73B7374429E293520097806F /* FoodCell.xib */,
			);
			path = Cells;
			sourceTree = "<group>";
		};
		A28A764B29D6F01200D127EA /* ViewControllers */ = {
			isa = PBXGroup;
			children = (
				7339CD6B29E5B381002A6D78 /* Auth */,
				A27302E429D852F20060944D /* Alert */,
				A28A763D29D54D6F00D127EA /* Cart */,
				73F62A3929DCF7D9003D779F /* Food */,
				73F62A3A29DCFD2E003D779F /* Fridge */,
			);
			path = ViewControllers;
			sourceTree = "<group>";
		};
/* End PBXGroup section */

/* Begin PBXNativeTarget section */
		73F0D23529D2DFFE0038BD0C /* IceButler_iOS */ = {
			isa = PBXNativeTarget;
			buildConfigurationList = 73F0D26029D2E0000038BD0C /* Build configuration list for PBXNativeTarget "IceButler_iOS" */;
			buildPhases = (
				A5F1C5F8182479C1970C2F35 /* [CP] Check Pods Manifest.lock */,
				73F0D23229D2DFFE0038BD0C /* Sources */,
				73F0D23329D2DFFE0038BD0C /* Frameworks */,
				73F0D23429D2DFFE0038BD0C /* Resources */,
				71818773EA89D9FD77F6598F /* [CP] Embed Pods Frameworks */,
			);
			buildRules = (
			);
			dependencies = (
			);
			name = IceButler_iOS;
			productName = IceButler_iOS;
			productReference = 73F0D23629D2DFFE0038BD0C /* IceButler_iOS.app */;
			productType = "com.apple.product-type.application";
		};
		73F0D24B29D2E0000038BD0C /* IceButler_iOSTests */ = {
			isa = PBXNativeTarget;
			buildConfigurationList = 73F0D26329D2E0000038BD0C /* Build configuration list for PBXNativeTarget "IceButler_iOSTests" */;
			buildPhases = (
				CC430B194C770C8F25590333 /* [CP] Check Pods Manifest.lock */,
				73F0D24829D2E0000038BD0C /* Sources */,
				73F0D24929D2E0000038BD0C /* Frameworks */,
				73F0D24A29D2E0000038BD0C /* Resources */,
			);
			buildRules = (
			);
			dependencies = (
				73F0D24E29D2E0000038BD0C /* PBXTargetDependency */,
			);
			name = IceButler_iOSTests;
			productName = IceButler_iOSTests;
			productReference = 73F0D24C29D2E0000038BD0C /* IceButler_iOSTests.xctest */;
			productType = "com.apple.product-type.bundle.unit-test";
		};
		73F0D25529D2E0000038BD0C /* IceButler_iOSUITests */ = {
			isa = PBXNativeTarget;
			buildConfigurationList = 73F0D26629D2E0000038BD0C /* Build configuration list for PBXNativeTarget "IceButler_iOSUITests" */;
			buildPhases = (
				DF9828DDA9AA30CB8439005A /* [CP] Check Pods Manifest.lock */,
				73F0D25229D2E0000038BD0C /* Sources */,
				73F0D25329D2E0000038BD0C /* Frameworks */,
				73F0D25429D2E0000038BD0C /* Resources */,
				5485EC0019631E36E57AC05F /* [CP] Embed Pods Frameworks */,
			);
			buildRules = (
			);
			dependencies = (
				73F0D25829D2E0000038BD0C /* PBXTargetDependency */,
			);
			name = IceButler_iOSUITests;
			productName = IceButler_iOSUITests;
			productReference = 73F0D25629D2E0000038BD0C /* IceButler_iOSUITests.xctest */;
			productType = "com.apple.product-type.bundle.ui-testing";
		};
/* End PBXNativeTarget section */

/* Begin PBXProject section */
		73F0D22E29D2DFFE0038BD0C /* Project object */ = {
			isa = PBXProject;
			attributes = {
				BuildIndependentTargetsInParallel = 1;
				LastSwiftUpdateCheck = 1420;
				LastUpgradeCheck = 1420;
				TargetAttributes = {
					73F0D23529D2DFFE0038BD0C = {
						CreatedOnToolsVersion = 14.2;
					};
					73F0D24B29D2E0000038BD0C = {
						CreatedOnToolsVersion = 14.2;
						TestTargetID = 73F0D23529D2DFFE0038BD0C;
					};
					73F0D25529D2E0000038BD0C = {
						CreatedOnToolsVersion = 14.2;
						TestTargetID = 73F0D23529D2DFFE0038BD0C;
					};
				};
			};
			buildConfigurationList = 73F0D23129D2DFFE0038BD0C /* Build configuration list for PBXProject "IceButler_iOS" */;
			compatibilityVersion = "Xcode 13.0";
			developmentRegion = en;
			hasScannedForEncodings = 0;
			knownRegions = (
				en,
				Base,
			);
			mainGroup = 73F0D22D29D2DFFE0038BD0C;
			productRefGroup = 73F0D23729D2DFFE0038BD0C /* Products */;
			projectDirPath = "";
			projectRoot = "";
			targets = (
				73F0D23529D2DFFE0038BD0C /* IceButler_iOS */,
				73F0D24B29D2E0000038BD0C /* IceButler_iOSTests */,
				73F0D25529D2E0000038BD0C /* IceButler_iOSUITests */,
			);
		};
/* End PBXProject section */

/* Begin PBXResourcesBuildPhase section */
		73F0D23429D2DFFE0038BD0C /* Resources */ = {
			isa = PBXResourcesBuildPhase;
			buildActionMask = 2147483647;
			files = (
				A27302DE29D74EE10060944D /* FoodCollectionViewCell.xib in Resources */,
				7339CD7F29E671B0002A6D78 /* AuthUserInfo.storyboard in Resources */,
				73F62A4E29DD81AC003D779F /* FoodAddSelectCell.xib in Resources */,
				73F62A3C29DCFD52003D779F /* Fridge.storyboard in Resources */,
				A28A763F29D54DEF00D127EA /* Cart.storyboard in Resources */,
				73F0D24629D2E0000038BD0C /* LaunchScreen.storyboard in Resources */,
				73F0D24329D2E0000038BD0C /* Assets.xcassets in Resources */,
				7339CD6D29E5B390002A6D78 /* AuthMain.storyboard in Resources */,
				A27302E629D853090060944D /* Alert.storyboard in Resources */,
				738CAC8529E310CF009EF9D2 /* FoodDetail.storyboard in Resources */,
				73F62A4029DD01CA003D779F /* BarCodeAdd.storyboard in Resources */,
				73F62A4629DD6015003D779F /* FoodAdd.storyboard in Resources */,
				73F62A4829DD7F30003D779F /* FoodAddSelect.storyboard in Resources */,
				A28A765729D749C700D127EA /* CartMainTableViewCell.xib in Resources */,
				73B7371E29E1427A0097806F /* FoodAddImageCell.xib in Resources */,
				73B7374629E293520097806F /* FoodCell.xib in Resources */,
				73F62A5429DFDADF003D779F /* FoodCategoryCell.xib in Resources */,
				73B7372429E1B2040097806F /* FoodOwnerCell.xib in Resources */,
			);
			runOnlyForDeploymentPostprocessing = 0;
		};
		73F0D24A29D2E0000038BD0C /* Resources */ = {
			isa = PBXResourcesBuildPhase;
			buildActionMask = 2147483647;
			files = (
			);
			runOnlyForDeploymentPostprocessing = 0;
		};
		73F0D25429D2E0000038BD0C /* Resources */ = {
			isa = PBXResourcesBuildPhase;
			buildActionMask = 2147483647;
			files = (
			);
			runOnlyForDeploymentPostprocessing = 0;
		};
/* End PBXResourcesBuildPhase section */

/* Begin PBXShellScriptBuildPhase section */
		5485EC0019631E36E57AC05F /* [CP] Embed Pods Frameworks */ = {
			isa = PBXShellScriptBuildPhase;
			buildActionMask = 2147483647;
			files = (
			);
			inputFileListPaths = (
				"${PODS_ROOT}/Target Support Files/Pods-IceButler_iOS-IceButler_iOSUITests/Pods-IceButler_iOS-IceButler_iOSUITests-frameworks-${CONFIGURATION}-input-files.xcfilelist",
			);
			name = "[CP] Embed Pods Frameworks";
			outputFileListPaths = (
				"${PODS_ROOT}/Target Support Files/Pods-IceButler_iOS-IceButler_iOSUITests/Pods-IceButler_iOS-IceButler_iOSUITests-frameworks-${CONFIGURATION}-output-files.xcfilelist",
			);
			runOnlyForDeploymentPostprocessing = 0;
			shellPath = /bin/sh;
			shellScript = "\"${PODS_ROOT}/Target Support Files/Pods-IceButler_iOS-IceButler_iOSUITests/Pods-IceButler_iOS-IceButler_iOSUITests-frameworks.sh\"\n";
			showEnvVarsInLog = 0;
		};
		71818773EA89D9FD77F6598F /* [CP] Embed Pods Frameworks */ = {
			isa = PBXShellScriptBuildPhase;
			buildActionMask = 2147483647;
			files = (
			);
			inputFileListPaths = (
				"${PODS_ROOT}/Target Support Files/Pods-IceButler_iOS/Pods-IceButler_iOS-frameworks-${CONFIGURATION}-input-files.xcfilelist",
			);
			name = "[CP] Embed Pods Frameworks";
			outputFileListPaths = (
				"${PODS_ROOT}/Target Support Files/Pods-IceButler_iOS/Pods-IceButler_iOS-frameworks-${CONFIGURATION}-output-files.xcfilelist",
			);
			runOnlyForDeploymentPostprocessing = 0;
			shellPath = /bin/sh;
			shellScript = "\"${PODS_ROOT}/Target Support Files/Pods-IceButler_iOS/Pods-IceButler_iOS-frameworks.sh\"\n";
			showEnvVarsInLog = 0;
		};
		A5F1C5F8182479C1970C2F35 /* [CP] Check Pods Manifest.lock */ = {
			isa = PBXShellScriptBuildPhase;
			buildActionMask = 2147483647;
			files = (
			);
			inputFileListPaths = (
			);
			inputPaths = (
				"${PODS_PODFILE_DIR_PATH}/Podfile.lock",
				"${PODS_ROOT}/Manifest.lock",
			);
			name = "[CP] Check Pods Manifest.lock";
			outputFileListPaths = (
			);
			outputPaths = (
				"$(DERIVED_FILE_DIR)/Pods-IceButler_iOS-checkManifestLockResult.txt",
			);
			runOnlyForDeploymentPostprocessing = 0;
			shellPath = /bin/sh;
			shellScript = "diff \"${PODS_PODFILE_DIR_PATH}/Podfile.lock\" \"${PODS_ROOT}/Manifest.lock\" > /dev/null\nif [ $? != 0 ] ; then\n    # print error to STDERR\n    echo \"error: The sandbox is not in sync with the Podfile.lock. Run 'pod install' or update your CocoaPods installation.\" >&2\n    exit 1\nfi\n# This output is used by Xcode 'outputs' to avoid re-running this script phase.\necho \"SUCCESS\" > \"${SCRIPT_OUTPUT_FILE_0}\"\n";
			showEnvVarsInLog = 0;
		};
		CC430B194C770C8F25590333 /* [CP] Check Pods Manifest.lock */ = {
			isa = PBXShellScriptBuildPhase;
			buildActionMask = 2147483647;
			files = (
			);
			inputFileListPaths = (
			);
			inputPaths = (
				"${PODS_PODFILE_DIR_PATH}/Podfile.lock",
				"${PODS_ROOT}/Manifest.lock",
			);
			name = "[CP] Check Pods Manifest.lock";
			outputFileListPaths = (
			);
			outputPaths = (
				"$(DERIVED_FILE_DIR)/Pods-IceButler_iOSTests-checkManifestLockResult.txt",
			);
			runOnlyForDeploymentPostprocessing = 0;
			shellPath = /bin/sh;
			shellScript = "diff \"${PODS_PODFILE_DIR_PATH}/Podfile.lock\" \"${PODS_ROOT}/Manifest.lock\" > /dev/null\nif [ $? != 0 ] ; then\n    # print error to STDERR\n    echo \"error: The sandbox is not in sync with the Podfile.lock. Run 'pod install' or update your CocoaPods installation.\" >&2\n    exit 1\nfi\n# This output is used by Xcode 'outputs' to avoid re-running this script phase.\necho \"SUCCESS\" > \"${SCRIPT_OUTPUT_FILE_0}\"\n";
			showEnvVarsInLog = 0;
		};
		DF9828DDA9AA30CB8439005A /* [CP] Check Pods Manifest.lock */ = {
			isa = PBXShellScriptBuildPhase;
			buildActionMask = 2147483647;
			files = (
			);
			inputFileListPaths = (
			);
			inputPaths = (
				"${PODS_PODFILE_DIR_PATH}/Podfile.lock",
				"${PODS_ROOT}/Manifest.lock",
			);
			name = "[CP] Check Pods Manifest.lock";
			outputFileListPaths = (
			);
			outputPaths = (
				"$(DERIVED_FILE_DIR)/Pods-IceButler_iOS-IceButler_iOSUITests-checkManifestLockResult.txt",
			);
			runOnlyForDeploymentPostprocessing = 0;
			shellPath = /bin/sh;
			shellScript = "diff \"${PODS_PODFILE_DIR_PATH}/Podfile.lock\" \"${PODS_ROOT}/Manifest.lock\" > /dev/null\nif [ $? != 0 ] ; then\n    # print error to STDERR\n    echo \"error: The sandbox is not in sync with the Podfile.lock. Run 'pod install' or update your CocoaPods installation.\" >&2\n    exit 1\nfi\n# This output is used by Xcode 'outputs' to avoid re-running this script phase.\necho \"SUCCESS\" > \"${SCRIPT_OUTPUT_FILE_0}\"\n";
			showEnvVarsInLog = 0;
		};
/* End PBXShellScriptBuildPhase section */

/* Begin PBXSourcesBuildPhase section */
		73F0D23229D2DFFE0038BD0C /* Sources */ = {
			isa = PBXSourcesBuildPhase;
			buildActionMask = 2147483647;
			files = (
				7339CD8629E68818002A6D78 /* AuthResponseModel.swift in Sources */,
				73B7373A29E250680097806F /* ProcessedFoodViewController.swift in Sources */,
				A28A765629D749C700D127EA /* CartMainTableViewCell.swift in Sources */,
				A28A764429D54F1C00D127EA /* DefaultTabBarController.swift in Sources */,
				A2459F1D29DFF7A800D12089 /* AddFoodCollectionViewCell.swift in Sources */,
				A28A764729D5527A00D127EA /* UIDevice+.swift in Sources */,
				73B7373429E250430097806F /* SideViewController.swift in Sources */,
				738CAC8A29E32773009EF9D2 /* FoodViewModel.swift in Sources */,
				73F26FC629DAA94B009E364B /* CartService.swift in Sources */,
				73B7372E29E250120097806F /* VegetableViewController.swift in Sources */,
				73F26FCC29DAACC3009E364B /* CartViewModel.swift in Sources */,
				A2CA99DC29DE7BA80020DEEC /* CompleteBuyingViewController.swift in Sources */,
				73B7374C29E2EB570097806F /* FridgeService.swift in Sources */,
				73B7374F29E2EC5A0097806F /* FridgeViewModel.swift in Sources */,
				A2C257A029DA71680040A987 /* CartManager.swift in Sources */,
				73B7372329E1B2040097806F /* FoodOwnerCell.swift in Sources */,
				73F62A5329DFDADF003D779F /* FoodCategoryCell.swift in Sources */,
				73F62A5829E00F94003D779F /* UIButton+.swift in Sources */,
				73F62A3829DAB1A5003D779F /* CartRequestModel.swift in Sources */,
				A2CA99FE29DFC2660020DEEC /* CompleteBuyingTableViewCell.swift in Sources */,
				73B7373029E2501A0097806F /* DrinkViewController.swift in Sources */,
				73F62A4429DD11C4003D779F /* BarCodeView.swift in Sources */,
				7339CD7229E5B56A002A6D78 /* AuthService.swift in Sources */,
				73B7373829E2505B0097806F /* SeasoningViewController.swift in Sources */,
				73B7372C29E250010097806F /* FruitViewController.swift in Sources */,
				7339CD8329E67F22002A6D78 /* AuthRequestModel.swift in Sources */,
				73B7374529E293520097806F /* FoodCell.swift in Sources */,
				73B7374929E2DCE60097806F /* FridgeResponseModel.swift in Sources */,
				7339CD6F29E5B39D002A6D78 /* AuthMainViewController.swift in Sources */,
				73B7372829E24F510097806F /* FoodCategory.swift in Sources */,
				73F62A4229DD01DE003D779F /* BarCodeAddViewController.swift in Sources */,
				A27302E829D853160060944D /* AlertViewController.swift in Sources */,
				A28A764229D54EFA00D127EA /* CartViewController.swift in Sources */,
				73F26FC429DAA8EB009E364B /* CartResponseModel.swift in Sources */,
				73F62A4A29DD7F45003D779F /* FoodAddSelectViewController.swift in Sources */,
				73C18A4529E3F0440037FE3A /* FoodRequestModel.swift in Sources */,
				738CAC8E29E32817009EF9D2 /* FoodResponseModel.swift in Sources */,
				73B7371D29E1427A0097806F /* FoodAddImageCell.swift in Sources */,
				73DC2F3D29DAA6A400F47ECD /* APIManger.swift in Sources */,
				73F26FC129DAA735009E364B /* GeneralResponseModel.swift in Sources */,
				7339CD8129E67406002A6D78 /* AuthUserInfoViewController.swift in Sources */,
				738CAC9029E32858009EF9D2 /* FoodService.swift in Sources */,
				73F0D23A29D2DFFE0038BD0C /* AppDelegate.swift in Sources */,
				7339CD7529E5B6B0002A6D78 /* AuthViewModel.swift in Sources */,
				73F0D23C29D2DFFE0038BD0C /* SceneDelegate.swift in Sources */,
				73B7373629E2504A0097806F /* SnackViewController.swift in Sources */,
				73B7372029E160750097806F /* UICollectionViewFlowLayout+.swift in Sources */,
				A27302DD29D74EE10060944D /* FoodCollectionViewCell.swift in Sources */,
				738CAC8729E31349009EF9D2 /* FoodDetailViewController.swift in Sources */,
				73B7373229E250330097806F /* MarineProductsViewController.swift in Sources */,
				73B7372A29E24FDB0097806F /* MeatViewController.swift in Sources */,
				73B7373E29E2507A0097806F /* AllFoodViewController.swift in Sources */,
				73B7373C29E250700097806F /* ETCViewController.swift in Sources */,
				73F62A5029DE9F5E003D779F /* FoodAddViewController.swift in Sources */,
				A28A764929D6B36E00D127EA /* UIColor+.swift in Sources */,
				A2459F1B29DFE26700D12089 /* AddFoodViewController.swift in Sources */,
				73F62A3E29DCFD7B003D779F /* FridgeViewController.swift in Sources */,
				73F62A4D29DD81AC003D779F /* FoodAddSelectCell.swift in Sources */,
			);
			runOnlyForDeploymentPostprocessing = 0;
		};
		73F0D24829D2E0000038BD0C /* Sources */ = {
			isa = PBXSourcesBuildPhase;
			buildActionMask = 2147483647;
			files = (
				73F0D25129D2E0000038BD0C /* IceButler_iOSTests.swift in Sources */,
			);
			runOnlyForDeploymentPostprocessing = 0;
		};
		73F0D25229D2E0000038BD0C /* Sources */ = {
			isa = PBXSourcesBuildPhase;
			buildActionMask = 2147483647;
			files = (
				73F0D25D29D2E0000038BD0C /* IceButler_iOSUITestsLaunchTests.swift in Sources */,
				73F0D25B29D2E0000038BD0C /* IceButler_iOSUITests.swift in Sources */,
			);
			runOnlyForDeploymentPostprocessing = 0;
		};
/* End PBXSourcesBuildPhase section */

/* Begin PBXTargetDependency section */
		73F0D24E29D2E0000038BD0C /* PBXTargetDependency */ = {
			isa = PBXTargetDependency;
			target = 73F0D23529D2DFFE0038BD0C /* IceButler_iOS */;
			targetProxy = 73F0D24D29D2E0000038BD0C /* PBXContainerItemProxy */;
		};
		73F0D25829D2E0000038BD0C /* PBXTargetDependency */ = {
			isa = PBXTargetDependency;
			target = 73F0D23529D2DFFE0038BD0C /* IceButler_iOS */;
			targetProxy = 73F0D25729D2E0000038BD0C /* PBXContainerItemProxy */;
		};
/* End PBXTargetDependency section */

/* Begin PBXVariantGroup section */
		73F0D24429D2E0000038BD0C /* LaunchScreen.storyboard */ = {
			isa = PBXVariantGroup;
			children = (
				73F0D24529D2E0000038BD0C /* Base */,
			);
			name = LaunchScreen.storyboard;
			sourceTree = "<group>";
		};
/* End PBXVariantGroup section */

/* Begin XCBuildConfiguration section */
		73F0D25E29D2E0000038BD0C /* Debug */ = {
			isa = XCBuildConfiguration;
			buildSettings = {
				ALWAYS_SEARCH_USER_PATHS = NO;
				CLANG_ANALYZER_NONNULL = YES;
				CLANG_ANALYZER_NUMBER_OBJECT_CONVERSION = YES_AGGRESSIVE;
				CLANG_CXX_LANGUAGE_STANDARD = "gnu++20";
				CLANG_ENABLE_MODULES = YES;
				CLANG_ENABLE_OBJC_ARC = YES;
				CLANG_ENABLE_OBJC_WEAK = YES;
				CLANG_WARN_BLOCK_CAPTURE_AUTORELEASING = YES;
				CLANG_WARN_BOOL_CONVERSION = YES;
				CLANG_WARN_COMMA = YES;
				CLANG_WARN_CONSTANT_CONVERSION = YES;
				CLANG_WARN_DEPRECATED_OBJC_IMPLEMENTATIONS = YES;
				CLANG_WARN_DIRECT_OBJC_ISA_USAGE = YES_ERROR;
				CLANG_WARN_DOCUMENTATION_COMMENTS = YES;
				CLANG_WARN_EMPTY_BODY = YES;
				CLANG_WARN_ENUM_CONVERSION = YES;
				CLANG_WARN_INFINITE_RECURSION = YES;
				CLANG_WARN_INT_CONVERSION = YES;
				CLANG_WARN_NON_LITERAL_NULL_CONVERSION = YES;
				CLANG_WARN_OBJC_IMPLICIT_RETAIN_SELF = YES;
				CLANG_WARN_OBJC_LITERAL_CONVERSION = YES;
				CLANG_WARN_OBJC_ROOT_CLASS = YES_ERROR;
				CLANG_WARN_QUOTED_INCLUDE_IN_FRAMEWORK_HEADER = YES;
				CLANG_WARN_RANGE_LOOP_ANALYSIS = YES;
				CLANG_WARN_STRICT_PROTOTYPES = YES;
				CLANG_WARN_SUSPICIOUS_MOVE = YES;
				CLANG_WARN_UNGUARDED_AVAILABILITY = YES_AGGRESSIVE;
				CLANG_WARN_UNREACHABLE_CODE = YES;
				CLANG_WARN__DUPLICATE_METHOD_MATCH = YES;
				COPY_PHASE_STRIP = NO;
				DEBUG_INFORMATION_FORMAT = dwarf;
				ENABLE_STRICT_OBJC_MSGSEND = YES;
				ENABLE_TESTABILITY = YES;
				GCC_C_LANGUAGE_STANDARD = gnu11;
				GCC_DYNAMIC_NO_PIC = NO;
				GCC_NO_COMMON_BLOCKS = YES;
				GCC_OPTIMIZATION_LEVEL = 0;
				GCC_PREPROCESSOR_DEFINITIONS = (
					"DEBUG=1",
					"$(inherited)",
				);
				GCC_WARN_64_TO_32_BIT_CONVERSION = YES;
				GCC_WARN_ABOUT_RETURN_TYPE = YES_ERROR;
				GCC_WARN_UNDECLARED_SELECTOR = YES;
				GCC_WARN_UNINITIALIZED_AUTOS = YES_AGGRESSIVE;
				GCC_WARN_UNUSED_FUNCTION = YES;
				GCC_WARN_UNUSED_VARIABLE = YES;
				IPHONEOS_DEPLOYMENT_TARGET = 15.0;
				MTL_ENABLE_DEBUG_INFO = INCLUDE_SOURCE;
				MTL_FAST_MATH = YES;
				ONLY_ACTIVE_ARCH = YES;
				SDKROOT = iphoneos;
				SWIFT_ACTIVE_COMPILATION_CONDITIONS = DEBUG;
				SWIFT_OPTIMIZATION_LEVEL = "-Onone";
			};
			name = Debug;
		};
		73F0D25F29D2E0000038BD0C /* Release */ = {
			isa = XCBuildConfiguration;
			buildSettings = {
				ALWAYS_SEARCH_USER_PATHS = NO;
				CLANG_ANALYZER_NONNULL = YES;
				CLANG_ANALYZER_NUMBER_OBJECT_CONVERSION = YES_AGGRESSIVE;
				CLANG_CXX_LANGUAGE_STANDARD = "gnu++20";
				CLANG_ENABLE_MODULES = YES;
				CLANG_ENABLE_OBJC_ARC = YES;
				CLANG_ENABLE_OBJC_WEAK = YES;
				CLANG_WARN_BLOCK_CAPTURE_AUTORELEASING = YES;
				CLANG_WARN_BOOL_CONVERSION = YES;
				CLANG_WARN_COMMA = YES;
				CLANG_WARN_CONSTANT_CONVERSION = YES;
				CLANG_WARN_DEPRECATED_OBJC_IMPLEMENTATIONS = YES;
				CLANG_WARN_DIRECT_OBJC_ISA_USAGE = YES_ERROR;
				CLANG_WARN_DOCUMENTATION_COMMENTS = YES;
				CLANG_WARN_EMPTY_BODY = YES;
				CLANG_WARN_ENUM_CONVERSION = YES;
				CLANG_WARN_INFINITE_RECURSION = YES;
				CLANG_WARN_INT_CONVERSION = YES;
				CLANG_WARN_NON_LITERAL_NULL_CONVERSION = YES;
				CLANG_WARN_OBJC_IMPLICIT_RETAIN_SELF = YES;
				CLANG_WARN_OBJC_LITERAL_CONVERSION = YES;
				CLANG_WARN_OBJC_ROOT_CLASS = YES_ERROR;
				CLANG_WARN_QUOTED_INCLUDE_IN_FRAMEWORK_HEADER = YES;
				CLANG_WARN_RANGE_LOOP_ANALYSIS = YES;
				CLANG_WARN_STRICT_PROTOTYPES = YES;
				CLANG_WARN_SUSPICIOUS_MOVE = YES;
				CLANG_WARN_UNGUARDED_AVAILABILITY = YES_AGGRESSIVE;
				CLANG_WARN_UNREACHABLE_CODE = YES;
				CLANG_WARN__DUPLICATE_METHOD_MATCH = YES;
				COPY_PHASE_STRIP = NO;
				DEBUG_INFORMATION_FORMAT = "dwarf-with-dsym";
				ENABLE_NS_ASSERTIONS = NO;
				ENABLE_STRICT_OBJC_MSGSEND = YES;
				GCC_C_LANGUAGE_STANDARD = gnu11;
				GCC_NO_COMMON_BLOCKS = YES;
				GCC_WARN_64_TO_32_BIT_CONVERSION = YES;
				GCC_WARN_ABOUT_RETURN_TYPE = YES_ERROR;
				GCC_WARN_UNDECLARED_SELECTOR = YES;
				GCC_WARN_UNINITIALIZED_AUTOS = YES_AGGRESSIVE;
				GCC_WARN_UNUSED_FUNCTION = YES;
				GCC_WARN_UNUSED_VARIABLE = YES;
				IPHONEOS_DEPLOYMENT_TARGET = 15.0;
				MTL_ENABLE_DEBUG_INFO = NO;
				MTL_FAST_MATH = YES;
				SDKROOT = iphoneos;
				SWIFT_COMPILATION_MODE = wholemodule;
				SWIFT_OPTIMIZATION_LEVEL = "-O";
				VALIDATE_PRODUCT = YES;
			};
			name = Release;
		};
		73F0D26129D2E0000038BD0C /* Debug */ = {
			isa = XCBuildConfiguration;
			baseConfigurationReference = 6C2264B9924DFAFE47B1F678 /* Pods-IceButler_iOS.debug.xcconfig */;
			buildSettings = {
				ASSETCATALOG_COMPILER_APPICON_NAME = AppIcon;
				ASSETCATALOG_COMPILER_GLOBAL_ACCENT_COLOR_NAME = AccentColor;
				CODE_SIGN_STYLE = Automatic;
				CURRENT_PROJECT_VERSION = 1;
				DEVELOPMENT_TEAM = 643M65W7HH;
				GENERATE_INFOPLIST_FILE = YES;
				INFOPLIST_FILE = IceButler_iOS/Info.plist;
				INFOPLIST_KEY_NSCameraUsageDescription = "\"냉집사\"에서 바코드 인식을 위해 카메라 접근을 허용해주세요.";
				INFOPLIST_KEY_NSPhotoLibraryUsageDescription = "\"냉집사\"에서 음식 사진 추가를 위해 사진 접근을 허용해주세요.";
				INFOPLIST_KEY_UIApplicationSupportsIndirectInputEvents = YES;
				INFOPLIST_KEY_UILaunchStoryboardName = LaunchScreen;
				INFOPLIST_KEY_UIMainStoryboardFile = BarCodeAdd;
				INFOPLIST_KEY_UIStatusBarStyle = UIStatusBarStyleLightContent;
				INFOPLIST_KEY_UISupportedInterfaceOrientations = UIInterfaceOrientationPortrait;
				INFOPLIST_KEY_UISupportedInterfaceOrientations_iPad = "UIInterfaceOrientationLandscapeLeft UIInterfaceOrientationLandscapeRight UIInterfaceOrientationPortrait UIInterfaceOrientationPortraitUpsideDown";
				INFOPLIST_KEY_UIUserInterfaceStyle = Light;
				LD_RUNPATH_SEARCH_PATHS = (
					"$(inherited)",
					"@executable_path/Frameworks",
				);
				MARKETING_VERSION = 1.0;
				PRODUCT_BUNDLE_IDENTIFIER = "yoosang.IceButler-iOS";
				PRODUCT_NAME = "$(TARGET_NAME)";
				SUPPORTED_PLATFORMS = "iphoneos iphonesimulator";
				SUPPORTS_MACCATALYST = NO;
				SUPPORTS_MAC_DESIGNED_FOR_IPHONE_IPAD = NO;
				SWIFT_EMIT_LOC_STRINGS = YES;
				SWIFT_VERSION = 5.0;
				TARGETED_DEVICE_FAMILY = 1;
			};
			name = Debug;
		};
		73F0D26229D2E0000038BD0C /* Release */ = {
			isa = XCBuildConfiguration;
			baseConfigurationReference = E470A0018DCDEB6D049D1645 /* Pods-IceButler_iOS.release.xcconfig */;
			buildSettings = {
				ASSETCATALOG_COMPILER_APPICON_NAME = AppIcon;
				ASSETCATALOG_COMPILER_GLOBAL_ACCENT_COLOR_NAME = AccentColor;
				CODE_SIGN_STYLE = Automatic;
				CURRENT_PROJECT_VERSION = 1;
				DEVELOPMENT_TEAM = 643M65W7HH;
				GENERATE_INFOPLIST_FILE = YES;
				INFOPLIST_FILE = IceButler_iOS/Info.plist;
				INFOPLIST_KEY_NSCameraUsageDescription = "\"냉집사\"에서 바코드 인식을 위해 카메라 접근을 허용해주세요.";
				INFOPLIST_KEY_NSPhotoLibraryUsageDescription = "\"냉집사\"에서 음식 사진 추가를 위해 사진 접근을 허용해주세요.";
				INFOPLIST_KEY_UIApplicationSupportsIndirectInputEvents = YES;
				INFOPLIST_KEY_UILaunchStoryboardName = LaunchScreen;
				INFOPLIST_KEY_UIMainStoryboardFile = BarCodeAdd;
				INFOPLIST_KEY_UIStatusBarStyle = UIStatusBarStyleLightContent;
				INFOPLIST_KEY_UISupportedInterfaceOrientations = UIInterfaceOrientationPortrait;
				INFOPLIST_KEY_UISupportedInterfaceOrientations_iPad = "UIInterfaceOrientationLandscapeLeft UIInterfaceOrientationLandscapeRight UIInterfaceOrientationPortrait UIInterfaceOrientationPortraitUpsideDown";
				INFOPLIST_KEY_UIUserInterfaceStyle = Light;
				LD_RUNPATH_SEARCH_PATHS = (
					"$(inherited)",
					"@executable_path/Frameworks",
				);
				MARKETING_VERSION = 1.0;
				PRODUCT_BUNDLE_IDENTIFIER = "yoosang.IceButler-iOS";
				PRODUCT_NAME = "$(TARGET_NAME)";
				SUPPORTED_PLATFORMS = "iphoneos iphonesimulator";
				SUPPORTS_MACCATALYST = NO;
				SUPPORTS_MAC_DESIGNED_FOR_IPHONE_IPAD = NO;
				SWIFT_EMIT_LOC_STRINGS = YES;
				SWIFT_VERSION = 5.0;
				TARGETED_DEVICE_FAMILY = 1;
			};
			name = Release;
		};
		73F0D26429D2E0000038BD0C /* Debug */ = {
			isa = XCBuildConfiguration;
			baseConfigurationReference = 24675EA834374249763E0980 /* Pods-IceButler_iOSTests.debug.xcconfig */;
			buildSettings = {
				ALWAYS_EMBED_SWIFT_STANDARD_LIBRARIES = YES;
				BUNDLE_LOADER = "$(TEST_HOST)";
				CODE_SIGN_STYLE = Automatic;
				CURRENT_PROJECT_VERSION = 1;
				DEVELOPMENT_TEAM = 643M65W7HH;
				GENERATE_INFOPLIST_FILE = YES;
				IPHONEOS_DEPLOYMENT_TARGET = 16.2;
				MARKETING_VERSION = 1.0;
				PRODUCT_BUNDLE_IDENTIFIER = "yoosang.IceButler-iOSTests";
				PRODUCT_NAME = "$(TARGET_NAME)";
				SWIFT_EMIT_LOC_STRINGS = NO;
				SWIFT_VERSION = 5.0;
				TARGETED_DEVICE_FAMILY = "1,2";
				TEST_HOST = "$(BUILT_PRODUCTS_DIR)/IceButler_iOS.app/$(BUNDLE_EXECUTABLE_FOLDER_PATH)/IceButler_iOS";
			};
			name = Debug;
		};
		73F0D26529D2E0000038BD0C /* Release */ = {
			isa = XCBuildConfiguration;
			baseConfigurationReference = 71A4557F1B0043751FF6453B /* Pods-IceButler_iOSTests.release.xcconfig */;
			buildSettings = {
				ALWAYS_EMBED_SWIFT_STANDARD_LIBRARIES = YES;
				BUNDLE_LOADER = "$(TEST_HOST)";
				CODE_SIGN_STYLE = Automatic;
				CURRENT_PROJECT_VERSION = 1;
				DEVELOPMENT_TEAM = 643M65W7HH;
				GENERATE_INFOPLIST_FILE = YES;
				IPHONEOS_DEPLOYMENT_TARGET = 16.2;
				MARKETING_VERSION = 1.0;
				PRODUCT_BUNDLE_IDENTIFIER = "yoosang.IceButler-iOSTests";
				PRODUCT_NAME = "$(TARGET_NAME)";
				SWIFT_EMIT_LOC_STRINGS = NO;
				SWIFT_VERSION = 5.0;
				TARGETED_DEVICE_FAMILY = "1,2";
				TEST_HOST = "$(BUILT_PRODUCTS_DIR)/IceButler_iOS.app/$(BUNDLE_EXECUTABLE_FOLDER_PATH)/IceButler_iOS";
			};
			name = Release;
		};
		73F0D26729D2E0000038BD0C /* Debug */ = {
			isa = XCBuildConfiguration;
			baseConfigurationReference = 802F4E91FBD50A88599AD4EE /* Pods-IceButler_iOS-IceButler_iOSUITests.debug.xcconfig */;
			buildSettings = {
				ALWAYS_EMBED_SWIFT_STANDARD_LIBRARIES = YES;
				CODE_SIGN_STYLE = Automatic;
				CURRENT_PROJECT_VERSION = 1;
				DEVELOPMENT_TEAM = 643M65W7HH;
				GENERATE_INFOPLIST_FILE = YES;
				MARKETING_VERSION = 1.0;
				PRODUCT_BUNDLE_IDENTIFIER = "yoosang.IceButler-iOSUITests";
				PRODUCT_NAME = "$(TARGET_NAME)";
				SWIFT_EMIT_LOC_STRINGS = NO;
				SWIFT_VERSION = 5.0;
				TARGETED_DEVICE_FAMILY = "1,2";
				TEST_TARGET_NAME = IceButler_iOS;
			};
			name = Debug;
		};
		73F0D26829D2E0000038BD0C /* Release */ = {
			isa = XCBuildConfiguration;
			baseConfigurationReference = D28456CA7BE41F836612B66E /* Pods-IceButler_iOS-IceButler_iOSUITests.release.xcconfig */;
			buildSettings = {
				ALWAYS_EMBED_SWIFT_STANDARD_LIBRARIES = YES;
				CODE_SIGN_STYLE = Automatic;
				CURRENT_PROJECT_VERSION = 1;
				DEVELOPMENT_TEAM = 643M65W7HH;
				GENERATE_INFOPLIST_FILE = YES;
				MARKETING_VERSION = 1.0;
				PRODUCT_BUNDLE_IDENTIFIER = "yoosang.IceButler-iOSUITests";
				PRODUCT_NAME = "$(TARGET_NAME)";
				SWIFT_EMIT_LOC_STRINGS = NO;
				SWIFT_VERSION = 5.0;
				TARGETED_DEVICE_FAMILY = "1,2";
				TEST_TARGET_NAME = IceButler_iOS;
			};
			name = Release;
		};
/* End XCBuildConfiguration section */

/* Begin XCConfigurationList section */
		73F0D23129D2DFFE0038BD0C /* Build configuration list for PBXProject "IceButler_iOS" */ = {
			isa = XCConfigurationList;
			buildConfigurations = (
				73F0D25E29D2E0000038BD0C /* Debug */,
				73F0D25F29D2E0000038BD0C /* Release */,
			);
			defaultConfigurationIsVisible = 0;
			defaultConfigurationName = Release;
		};
		73F0D26029D2E0000038BD0C /* Build configuration list for PBXNativeTarget "IceButler_iOS" */ = {
			isa = XCConfigurationList;
			buildConfigurations = (
				73F0D26129D2E0000038BD0C /* Debug */,
				73F0D26229D2E0000038BD0C /* Release */,
			);
			defaultConfigurationIsVisible = 0;
			defaultConfigurationName = Release;
		};
		73F0D26329D2E0000038BD0C /* Build configuration list for PBXNativeTarget "IceButler_iOSTests" */ = {
			isa = XCConfigurationList;
			buildConfigurations = (
				73F0D26429D2E0000038BD0C /* Debug */,
				73F0D26529D2E0000038BD0C /* Release */,
			);
			defaultConfigurationIsVisible = 0;
			defaultConfigurationName = Release;
		};
		73F0D26629D2E0000038BD0C /* Build configuration list for PBXNativeTarget "IceButler_iOSUITests" */ = {
			isa = XCConfigurationList;
			buildConfigurations = (
				73F0D26729D2E0000038BD0C /* Debug */,
				73F0D26829D2E0000038BD0C /* Release */,
			);
			defaultConfigurationIsVisible = 0;
			defaultConfigurationName = Release;
		};
/* End XCConfigurationList section */
	};
	rootObject = 73F0D22E29D2DFFE0038BD0C /* Project object */;
}
