// !$*UTF8*$!
{
	archiveVersion = 1;
	classes = {
	};
	objectVersion = 55;
	objects = {

/* Begin PBXBuildFile section */
		73178AC629EC40A6001C3AA4 /* UserService.swift in Sources */ = {isa = PBXBuildFile; fileRef = 73178AC529EC40A6001C3AA4 /* UserService.swift */; };
		7339CD8329E67F22002A6D78 /* AuthRequestModel.swift in Sources */ = {isa = PBXBuildFile; fileRef = 7339CD8229E67F22002A6D78 /* AuthRequestModel.swift */; };
		7339CD8629E68818002A6D78 /* AuthResponseModel.swift in Sources */ = {isa = PBXBuildFile; fileRef = 7339CD8529E68818002A6D78 /* AuthResponseModel.swift */; };
		7339CD8929E7846A002A6D78 /* ImageResponseModel.swift in Sources */ = {isa = PBXBuildFile; fileRef = 7339CD8829E7846A002A6D78 /* ImageResponseModel.swift */; };
		7339CD8C29E78880002A6D78 /* ImageService.swift in Sources */ = {isa = PBXBuildFile; fileRef = 7339CD8B29E78880002A6D78 /* ImageService.swift */; };
		7339CD8E29E788BE002A6D78 /* ImageDir.swift in Sources */ = {isa = PBXBuildFile; fileRef = 7339CD8D29E788BE002A6D78 /* ImageDir.swift */; };
		7339CD9029E7997F002A6D78 /* ImageRequestModel.swift in Sources */ = {isa = PBXBuildFile; fileRef = 7339CD8F29E7997F002A6D78 /* ImageRequestModel.swift */; };
		7339CD9229E79CDD002A6D78 /* AuthProvider.swift in Sources */ = {isa = PBXBuildFile; fileRef = 7339CD9129E79CDD002A6D78 /* AuthProvider.swift */; };
		735584C72A062DFB0077E69E /* GraphService.swift in Sources */ = {isa = PBXBuildFile; fileRef = 735584C62A062DFB0077E69E /* GraphService.swift */; };
		735584CA2A06B1A10077E69E /* GraphResponseModel.swift in Sources */ = {isa = PBXBuildFile; fileRef = 735584C92A06B1A10077E69E /* GraphResponseModel.swift */; };
		738CAC8E29E32817009EF9D2 /* FoodResponseModel.swift in Sources */ = {isa = PBXBuildFile; fileRef = 738CAC8D29E32817009EF9D2 /* FoodResponseModel.swift */; };
		738CAC9029E32858009EF9D2 /* FoodService.swift in Sources */ = {isa = PBXBuildFile; fileRef = 738CAC8F29E32858009EF9D2 /* FoodService.swift */; };
		73B7372829E24F510097806F /* FoodCategory.swift in Sources */ = {isa = PBXBuildFile; fileRef = 73B7372729E24F510097806F /* FoodCategory.swift */; };
		73B7374929E2DCE60097806F /* FridgeResponseModel.swift in Sources */ = {isa = PBXBuildFile; fileRef = 73B7374829E2DCE60097806F /* FridgeResponseModel.swift */; };
		73B7374C29E2EB570097806F /* FridgeService.swift in Sources */ = {isa = PBXBuildFile; fileRef = 73B7374B29E2EB570097806F /* FridgeService.swift */; };
		73B97BCE2C3270BE00DB229F /* LoginView.swift in Sources */ = {isa = PBXBuildFile; fileRef = 73B97BCD2C3270BE00DB229F /* LoginView.swift */; };
		73C18A4529E3F0440037FE3A /* FoodRequestModel.swift in Sources */ = {isa = PBXBuildFile; fileRef = 73C18A4429E3F0440037FE3A /* FoodRequestModel.swift */; };
		73C491F32C33EBD200B96C1F /* Alamofire in Frameworks */ = {isa = PBXBuildFile; productRef = 73C491F22C33EBD200B96C1F /* Alamofire */; };
		73C491F52C33EBD600B96C1F /* ComposableArchitecture in Frameworks */ = {isa = PBXBuildFile; productRef = 73C491F42C33EBD600B96C1F /* ComposableArchitecture */; };
		73C491FF2C358EF500B96C1F /* NanumSquareOTF_acR.otf in Resources */ = {isa = PBXBuildFile; fileRef = 73C491F72C358EF500B96C1F /* NanumSquareOTF_acR.otf */; };
		73C492002C358EF500B96C1F /* NanumSquareL.otf in Resources */ = {isa = PBXBuildFile; fileRef = 73C491F82C358EF500B96C1F /* NanumSquareL.otf */; };
		73C492012C358EF500B96C1F /* NanumSquareOTF_acB.otf in Resources */ = {isa = PBXBuildFile; fileRef = 73C491F92C358EF500B96C1F /* NanumSquareOTF_acB.otf */; };
		73C492022C358EF500B96C1F /* NanumSquareOTF_acL.otf in Resources */ = {isa = PBXBuildFile; fileRef = 73C491FA2C358EF500B96C1F /* NanumSquareOTF_acL.otf */; };
		73C492032C358EF500B96C1F /* NanumSquareR.otf in Resources */ = {isa = PBXBuildFile; fileRef = 73C491FB2C358EF500B96C1F /* NanumSquareR.otf */; };
		73C492042C358EF500B96C1F /* NanumSquareOTF_acEB.otf in Resources */ = {isa = PBXBuildFile; fileRef = 73C491FC2C358EF500B96C1F /* NanumSquareOTF_acEB.otf */; };
		73C492052C358EF500B96C1F /* NanumSquareEB.otf in Resources */ = {isa = PBXBuildFile; fileRef = 73C491FD2C358EF500B96C1F /* NanumSquareEB.otf */; };
		73C492062C358EF500B96C1F /* NanumSquareB.otf in Resources */ = {isa = PBXBuildFile; fileRef = 73C491FE2C358EF500B96C1F /* NanumSquareB.otf */; };
		73C4920A2C3598B000B96C1F /* LoginStore.swift in Sources */ = {isa = PBXBuildFile; fileRef = 73C492092C3598B000B96C1F /* LoginStore.swift */; };
		73C8714F29F2ED44002DDB60 /* ProfileEditMode.swift in Sources */ = {isa = PBXBuildFile; fileRef = 73C8714E29F2ED44002DDB60 /* ProfileEditMode.swift */; };
		73CF93B029E945BF0007CB7A /* UserResponseModel.swift in Sources */ = {isa = PBXBuildFile; fileRef = 73CF93AF29E945BF0007CB7A /* UserResponseModel.swift */; };
		73CF93B629E94D580007CB7A /* String+.swift in Sources */ = {isa = PBXBuildFile; fileRef = 73CF93B529E94D580007CB7A /* String+.swift */; };
		73DC2F3D29DAA6A400F47ECD /* APIManger.swift in Sources */ = {isa = PBXBuildFile; fileRef = 73DC2F3C29DAA6A400F47ECD /* APIManger.swift */; };
		73F0D23A29D2DFFE0038BD0C /* AppDelegate.swift in Sources */ = {isa = PBXBuildFile; fileRef = 73F0D23929D2DFFE0038BD0C /* AppDelegate.swift */; };
		73F0D23C29D2DFFE0038BD0C /* SceneDelegate.swift in Sources */ = {isa = PBXBuildFile; fileRef = 73F0D23B29D2DFFE0038BD0C /* SceneDelegate.swift */; };
		73F0D24329D2E0000038BD0C /* Assets.xcassets in Resources */ = {isa = PBXBuildFile; fileRef = 73F0D24229D2E0000038BD0C /* Assets.xcassets */; };
		73F26FC129DAA735009E364B /* GeneralResponseModel.swift in Sources */ = {isa = PBXBuildFile; fileRef = 73F26FC029DAA735009E364B /* GeneralResponseModel.swift */; };
		73F26FC429DAA8EB009E364B /* CartResponseModel.swift in Sources */ = {isa = PBXBuildFile; fileRef = 73F26FC329DAA8EB009E364B /* CartResponseModel.swift */; };
		73F26FC629DAA94B009E364B /* CartService.swift in Sources */ = {isa = PBXBuildFile; fileRef = 73F26FC529DAA94B009E364B /* CartService.swift */; };
		73F62A3829DAB1A5003D779F /* CartRequestModel.swift in Sources */ = {isa = PBXBuildFile; fileRef = 73F62A3729DAB1A5003D779F /* CartRequestModel.swift */; };
		95488DC429EADF94009AE17A /* PolicyType.swift in Sources */ = {isa = PBXBuildFile; fileRef = 95488DC329EADF94009AE17A /* PolicyType.swift */; };
		95A398B029FC0BF1009CDDDC /* RecipeCategory.swift in Sources */ = {isa = PBXBuildFile; fileRef = 95A398AF29FC0BF1009CDDDC /* RecipeCategory.swift */; };
		95A398B929FD7B38009CDDDC /* FridgeType.swift in Sources */ = {isa = PBXBuildFile; fileRef = 95A398B829FD7B38009CDDDC /* FridgeType.swift */; };
		95A398BC29FD82DD009CDDDC /* RecipeService.swift in Sources */ = {isa = PBXBuildFile; fileRef = 95A398BB29FD82DD009CDDDC /* RecipeService.swift */; };
		95A398BF29FD8C13009CDDDC /* RecipeResponseModel.swift in Sources */ = {isa = PBXBuildFile; fileRef = 95A398BE29FD8C13009CDDDC /* RecipeResponseModel.swift */; };
		A27C791A2A1EF5DA0003A444 /* NotificationResponseModel.swift in Sources */ = {isa = PBXBuildFile; fileRef = A27C79192A1EF5DA0003A444 /* NotificationResponseModel.swift */; };
		A2DC65792A07AE8700D8C6F9 /* FridgeRequestModel.swift in Sources */ = {isa = PBXBuildFile; fileRef = A2DC65782A07AE8700D8C6F9 /* FridgeRequestModel.swift */; };
		A2EA102529F5A61D000D600B /* MyFridgeResponseModel.swift in Sources */ = {isa = PBXBuildFile; fileRef = A2EA102429F5A61D000D600B /* MyFridgeResponseModel.swift */; };
/* End PBXBuildFile section */

/* Begin PBXFileReference section */
		73178AC529EC40A6001C3AA4 /* UserService.swift */ = {isa = PBXFileReference; lastKnownFileType = sourcecode.swift; path = UserService.swift; sourceTree = "<group>"; };
		7339CD8229E67F22002A6D78 /* AuthRequestModel.swift */ = {isa = PBXFileReference; lastKnownFileType = sourcecode.swift; path = AuthRequestModel.swift; sourceTree = "<group>"; };
		7339CD8529E68818002A6D78 /* AuthResponseModel.swift */ = {isa = PBXFileReference; lastKnownFileType = sourcecode.swift; path = AuthResponseModel.swift; sourceTree = "<group>"; };
		7339CD8829E7846A002A6D78 /* ImageResponseModel.swift */ = {isa = PBXFileReference; lastKnownFileType = sourcecode.swift; path = ImageResponseModel.swift; sourceTree = "<group>"; };
		7339CD8B29E78880002A6D78 /* ImageService.swift */ = {isa = PBXFileReference; lastKnownFileType = sourcecode.swift; path = ImageService.swift; sourceTree = "<group>"; };
		7339CD8D29E788BE002A6D78 /* ImageDir.swift */ = {isa = PBXFileReference; lastKnownFileType = sourcecode.swift; path = ImageDir.swift; sourceTree = "<group>"; };
		7339CD8F29E7997F002A6D78 /* ImageRequestModel.swift */ = {isa = PBXFileReference; lastKnownFileType = sourcecode.swift; path = ImageRequestModel.swift; sourceTree = "<group>"; };
		7339CD9129E79CDD002A6D78 /* AuthProvider.swift */ = {isa = PBXFileReference; lastKnownFileType = sourcecode.swift; path = AuthProvider.swift; sourceTree = "<group>"; };
		735584C62A062DFB0077E69E /* GraphService.swift */ = {isa = PBXFileReference; lastKnownFileType = sourcecode.swift; path = GraphService.swift; sourceTree = "<group>"; };
		735584C92A06B1A10077E69E /* GraphResponseModel.swift */ = {isa = PBXFileReference; lastKnownFileType = sourcecode.swift; path = GraphResponseModel.swift; sourceTree = "<group>"; };
		738CAC8D29E32817009EF9D2 /* FoodResponseModel.swift */ = {isa = PBXFileReference; lastKnownFileType = sourcecode.swift; path = FoodResponseModel.swift; sourceTree = "<group>"; };
		738CAC8F29E32858009EF9D2 /* FoodService.swift */ = {isa = PBXFileReference; lastKnownFileType = sourcecode.swift; path = FoodService.swift; sourceTree = "<group>"; };
		73B7372729E24F510097806F /* FoodCategory.swift */ = {isa = PBXFileReference; lastKnownFileType = sourcecode.swift; path = FoodCategory.swift; sourceTree = "<group>"; };
		73B7374829E2DCE60097806F /* FridgeResponseModel.swift */ = {isa = PBXFileReference; lastKnownFileType = sourcecode.swift; path = FridgeResponseModel.swift; sourceTree = "<group>"; };
		73B7374B29E2EB570097806F /* FridgeService.swift */ = {isa = PBXFileReference; lastKnownFileType = sourcecode.swift; path = FridgeService.swift; sourceTree = "<group>"; };
		73B97BCD2C3270BE00DB229F /* LoginView.swift */ = {isa = PBXFileReference; lastKnownFileType = sourcecode.swift; path = LoginView.swift; sourceTree = "<group>"; };
		73C18A4429E3F0440037FE3A /* FoodRequestModel.swift */ = {isa = PBXFileReference; lastKnownFileType = sourcecode.swift; path = FoodRequestModel.swift; sourceTree = "<group>"; };
		73C491F72C358EF500B96C1F /* NanumSquareOTF_acR.otf */ = {isa = PBXFileReference; lastKnownFileType = file; path = NanumSquareOTF_acR.otf; sourceTree = "<group>"; };
		73C491F82C358EF500B96C1F /* NanumSquareL.otf */ = {isa = PBXFileReference; lastKnownFileType = file; path = NanumSquareL.otf; sourceTree = "<group>"; };
		73C491F92C358EF500B96C1F /* NanumSquareOTF_acB.otf */ = {isa = PBXFileReference; lastKnownFileType = file; path = NanumSquareOTF_acB.otf; sourceTree = "<group>"; };
		73C491FA2C358EF500B96C1F /* NanumSquareOTF_acL.otf */ = {isa = PBXFileReference; lastKnownFileType = file; path = NanumSquareOTF_acL.otf; sourceTree = "<group>"; };
		73C491FB2C358EF500B96C1F /* NanumSquareR.otf */ = {isa = PBXFileReference; lastKnownFileType = file; path = NanumSquareR.otf; sourceTree = "<group>"; };
		73C491FC2C358EF500B96C1F /* NanumSquareOTF_acEB.otf */ = {isa = PBXFileReference; lastKnownFileType = file; path = NanumSquareOTF_acEB.otf; sourceTree = "<group>"; };
		73C491FD2C358EF500B96C1F /* NanumSquareEB.otf */ = {isa = PBXFileReference; lastKnownFileType = file; path = NanumSquareEB.otf; sourceTree = "<group>"; };
		73C491FE2C358EF500B96C1F /* NanumSquareB.otf */ = {isa = PBXFileReference; lastKnownFileType = file; path = NanumSquareB.otf; sourceTree = "<group>"; };
		73C492072C3592A300B96C1F /* IceButler_iOS.entitlements */ = {isa = PBXFileReference; lastKnownFileType = text.plist.entitlements; path = IceButler_iOS.entitlements; sourceTree = "<group>"; };
		73C492092C3598B000B96C1F /* LoginStore.swift */ = {isa = PBXFileReference; lastKnownFileType = sourcecode.swift; path = LoginStore.swift; sourceTree = "<group>"; };
		73C8714E29F2ED44002DDB60 /* ProfileEditMode.swift */ = {isa = PBXFileReference; lastKnownFileType = sourcecode.swift; path = ProfileEditMode.swift; sourceTree = "<group>"; };
		73CF93AF29E945BF0007CB7A /* UserResponseModel.swift */ = {isa = PBXFileReference; lastKnownFileType = sourcecode.swift; path = UserResponseModel.swift; sourceTree = "<group>"; };
		73CF93B529E94D580007CB7A /* String+.swift */ = {isa = PBXFileReference; lastKnownFileType = sourcecode.swift; path = "String+.swift"; sourceTree = "<group>"; };
		73DC2F3C29DAA6A400F47ECD /* APIManger.swift */ = {isa = PBXFileReference; lastKnownFileType = sourcecode.swift; path = APIManger.swift; sourceTree = "<group>"; };
		73F0D23629D2DFFE0038BD0C /* IceButler_iOS.app */ = {isa = PBXFileReference; explicitFileType = wrapper.application; includeInIndex = 0; path = IceButler_iOS.app; sourceTree = BUILT_PRODUCTS_DIR; };
		73F0D23929D2DFFE0038BD0C /* AppDelegate.swift */ = {isa = PBXFileReference; lastKnownFileType = sourcecode.swift; path = AppDelegate.swift; sourceTree = "<group>"; };
		73F0D23B29D2DFFE0038BD0C /* SceneDelegate.swift */ = {isa = PBXFileReference; lastKnownFileType = sourcecode.swift; path = SceneDelegate.swift; sourceTree = "<group>"; };
		73F0D24229D2E0000038BD0C /* Assets.xcassets */ = {isa = PBXFileReference; lastKnownFileType = folder.assetcatalog; path = Assets.xcassets; sourceTree = "<group>"; };
		73F0D25029D2E0000038BD0C /* IceButler_iOSTests.swift */ = {isa = PBXFileReference; lastKnownFileType = sourcecode.swift; path = IceButler_iOSTests.swift; sourceTree = "<group>"; };
		73F0D25A29D2E0000038BD0C /* IceButler_iOSUITests.swift */ = {isa = PBXFileReference; lastKnownFileType = sourcecode.swift; path = IceButler_iOSUITests.swift; sourceTree = "<group>"; };
		73F0D25C29D2E0000038BD0C /* IceButler_iOSUITestsLaunchTests.swift */ = {isa = PBXFileReference; lastKnownFileType = sourcecode.swift; path = IceButler_iOSUITestsLaunchTests.swift; sourceTree = "<group>"; };
		73F26FC029DAA735009E364B /* GeneralResponseModel.swift */ = {isa = PBXFileReference; lastKnownFileType = sourcecode.swift; path = GeneralResponseModel.swift; sourceTree = "<group>"; };
		73F26FC329DAA8EB009E364B /* CartResponseModel.swift */ = {isa = PBXFileReference; lastKnownFileType = sourcecode.swift; path = CartResponseModel.swift; sourceTree = "<group>"; };
		73F26FC529DAA94B009E364B /* CartService.swift */ = {isa = PBXFileReference; lastKnownFileType = sourcecode.swift; path = CartService.swift; sourceTree = "<group>"; };
		73F62A3729DAB1A5003D779F /* CartRequestModel.swift */ = {isa = PBXFileReference; lastKnownFileType = sourcecode.swift; path = CartRequestModel.swift; sourceTree = "<group>"; };
		95488DC329EADF94009AE17A /* PolicyType.swift */ = {isa = PBXFileReference; lastKnownFileType = sourcecode.swift; path = PolicyType.swift; sourceTree = "<group>"; };
		95A398AF29FC0BF1009CDDDC /* RecipeCategory.swift */ = {isa = PBXFileReference; lastKnownFileType = sourcecode.swift; path = RecipeCategory.swift; sourceTree = "<group>"; };
		95A398B829FD7B38009CDDDC /* FridgeType.swift */ = {isa = PBXFileReference; lastKnownFileType = sourcecode.swift; path = FridgeType.swift; sourceTree = "<group>"; };
		95A398BB29FD82DD009CDDDC /* RecipeService.swift */ = {isa = PBXFileReference; lastKnownFileType = sourcecode.swift; path = RecipeService.swift; sourceTree = "<group>"; };
		95A398BE29FD8C13009CDDDC /* RecipeResponseModel.swift */ = {isa = PBXFileReference; lastKnownFileType = sourcecode.swift; path = RecipeResponseModel.swift; sourceTree = "<group>"; };
		A27C79192A1EF5DA0003A444 /* NotificationResponseModel.swift */ = {isa = PBXFileReference; lastKnownFileType = sourcecode.swift; path = NotificationResponseModel.swift; sourceTree = "<group>"; };
		A2DC65782A07AE8700D8C6F9 /* FridgeRequestModel.swift */ = {isa = PBXFileReference; lastKnownFileType = sourcecode.swift; path = FridgeRequestModel.swift; sourceTree = "<group>"; };
		A2EA102429F5A61D000D600B /* MyFridgeResponseModel.swift */ = {isa = PBXFileReference; lastKnownFileType = sourcecode.swift; path = MyFridgeResponseModel.swift; sourceTree = "<group>"; };
/* End PBXFileReference section */

/* Begin PBXFrameworksBuildPhase section */
		73F0D23329D2DFFE0038BD0C /* Frameworks */ = {
			isa = PBXFrameworksBuildPhase;
			buildActionMask = 2147483647;
			files = (
				73C491F52C33EBD600B96C1F /* ComposableArchitecture in Frameworks */,
				73C491F32C33EBD200B96C1F /* Alamofire in Frameworks */,
			);
			runOnlyForDeploymentPostprocessing = 0;
		};
/* End PBXFrameworksBuildPhase section */

/* Begin PBXGroup section */
		73178AC429EC409C001C3AA4 /* User */ = {
			isa = PBXGroup;
			children = (
				73178AC529EC40A6001C3AA4 /* UserService.swift */,
			);
			path = User;
			sourceTree = "<group>";
		};
		7339CD7029E5B55F002A6D78 /* Auth */ = {
			isa = PBXGroup;
			children = (
			);
			path = Auth;
			sourceTree = "<group>";
		};
		7339CD8429E67FC6002A6D78 /* Auth */ = {
			isa = PBXGroup;
			children = (
				7339CD8229E67F22002A6D78 /* AuthRequestModel.swift */,
				7339CD8529E68818002A6D78 /* AuthResponseModel.swift */,
			);
			path = Auth;
			sourceTree = "<group>";
		};
		7339CD8729E78449002A6D78 /* Image */ = {
			isa = PBXGroup;
			children = (
				7339CD8829E7846A002A6D78 /* ImageResponseModel.swift */,
				7339CD8F29E7997F002A6D78 /* ImageRequestModel.swift */,
			);
			path = Image;
			sourceTree = "<group>";
		};
		7339CD8A29E78875002A6D78 /* Image */ = {
			isa = PBXGroup;
			children = (
				7339CD8B29E78880002A6D78 /* ImageService.swift */,
			);
			path = Image;
			sourceTree = "<group>";
		};
		735584C52A062DF20077E69E /* Graph */ = {
			isa = PBXGroup;
			children = (
				735584C62A062DFB0077E69E /* GraphService.swift */,
			);
			path = Graph;
			sourceTree = "<group>";
		};
		735584C82A06B1930077E69E /* Graph */ = {
			isa = PBXGroup;
			children = (
				735584C92A06B1A10077E69E /* GraphResponseModel.swift */,
			);
			path = Graph;
			sourceTree = "<group>";
		};
		738CAC8B29E32804009EF9D2 /* Food */ = {
			isa = PBXGroup;
			children = (
				738CAC8F29E32858009EF9D2 /* FoodService.swift */,
			);
			name = Food;
			path = "래ㅐㅇ";
			sourceTree = "<group>";
		};
		738CAC8C29E3280C009EF9D2 /* Food */ = {
			isa = PBXGroup;
			children = (
				738CAC8D29E32817009EF9D2 /* FoodResponseModel.swift */,
				73C18A4429E3F0440037FE3A /* FoodRequestModel.swift */,
			);
			path = Food;
			sourceTree = "<group>";
		};
		73B7372629E24F410097806F /* Enums */ = {
			isa = PBXGroup;
			children = (
				73B7372729E24F510097806F /* FoodCategory.swift */,
				95488DC329EADF94009AE17A /* PolicyType.swift */,
				7339CD8D29E788BE002A6D78 /* ImageDir.swift */,
				7339CD9129E79CDD002A6D78 /* AuthProvider.swift */,
				73C8714E29F2ED44002DDB60 /* ProfileEditMode.swift */,
				95A398AF29FC0BF1009CDDDC /* RecipeCategory.swift */,
				95A398B829FD7B38009CDDDC /* FridgeType.swift */,
			);
			path = Enums;
			sourceTree = "<group>";
		};
		73B7374729E2DCD10097806F /* Fridge */ = {
			isa = PBXGroup;
			children = (
				73B7374829E2DCE60097806F /* FridgeResponseModel.swift */,
				A2DC65782A07AE8700D8C6F9 /* FridgeRequestModel.swift */,
			);
			path = Fridge;
			sourceTree = "<group>";
		};
		73B7374A29E2EB4A0097806F /* Fridge */ = {
			isa = PBXGroup;
			children = (
				73B7374B29E2EB570097806F /* FridgeService.swift */,
			);
			path = Fridge;
			sourceTree = "<group>";
		};
		73B97BCC2C32707000DB229F /* Mypage */ = {
			isa = PBXGroup;
			children = (
			);
			path = Mypage;
			sourceTree = "<group>";
		};
		73C491F12C33EBC700B96C1F /* Frameworks */ = {
			isa = PBXGroup;
			children = (
			);
			name = Frameworks;
			sourceTree = "<group>";
		};
		73C491F62C358EDD00B96C1F /* Fonts */ = {
			isa = PBXGroup;
			children = (
				73C491FE2C358EF500B96C1F /* NanumSquareB.otf */,
				73C491FD2C358EF500B96C1F /* NanumSquareEB.otf */,
				73C491F82C358EF500B96C1F /* NanumSquareL.otf */,
				73C491F92C358EF500B96C1F /* NanumSquareOTF_acB.otf */,
				73C491FC2C358EF500B96C1F /* NanumSquareOTF_acEB.otf */,
				73C491FA2C358EF500B96C1F /* NanumSquareOTF_acL.otf */,
				73C491F72C358EF500B96C1F /* NanumSquareOTF_acR.otf */,
				73C491FB2C358EF500B96C1F /* NanumSquareR.otf */,
			);
			path = Fonts;
			sourceTree = "<group>";
		};
		73C492082C35989C00B96C1F /* Login */ = {
			isa = PBXGroup;
			children = (
				73B97BCD2C3270BE00DB229F /* LoginView.swift */,
				73C492092C3598B000B96C1F /* LoginStore.swift */,
			);
			path = Login;
			sourceTree = "<group>";
		};
		73C4920B2C35A9D300B96C1F /* Coordinator */ = {
			isa = PBXGroup;
			children = (
			);
			path = Coordinator;
			sourceTree = "<group>";
		};
		73CF93AE29E943A50007CB7A /* User */ = {
			isa = PBXGroup;
			children = (
				73CF93AF29E945BF0007CB7A /* UserResponseModel.swift */,
			);
			path = User;
			sourceTree = "<group>";
		};
		73DC2F3A29DAA69200F47ECD /* Data */ = {
			isa = PBXGroup;
			children = (
				73F26FBE29DAA71B009E364B /* Service */,
				73F26FBD29DAA716009E364B /* Model */,
			);
			path = Data;
			sourceTree = "<group>";
		};
		73DC2F3B29DAA69800F47ECD /* Network */ = {
			isa = PBXGroup;
			children = (
				73DC2F3C29DAA6A400F47ECD /* APIManger.swift */,
			);
			path = Network;
			sourceTree = "<group>";
		};
		73F0D22D29D2DFFE0038BD0C = {
			isa = PBXGroup;
			children = (
				73F0D23829D2DFFE0038BD0C /* IceButler_iOS */,
				73F0D24F29D2E0000038BD0C /* IceButler_iOSTests */,
				73F0D25929D2E0000038BD0C /* IceButler_iOSUITests */,
				73F0D23729D2DFFE0038BD0C /* Products */,
				73C491F12C33EBC700B96C1F /* Frameworks */,
			);
			sourceTree = "<group>";
		};
		73F0D23729D2DFFE0038BD0C /* Products */ = {
			isa = PBXGroup;
			children = (
				73F0D23629D2DFFE0038BD0C /* IceButler_iOS.app */,
			);
			name = Products;
			sourceTree = "<group>";
		};
		73F0D23829D2DFFE0038BD0C /* IceButler_iOS */ = {
			isa = PBXGroup;
			children = (
				73C492072C3592A300B96C1F /* IceButler_iOS.entitlements */,
				73F0D26929D2E0500038BD0C /* App */,
				73DC2F3A29DAA69200F47ECD /* Data */,
				73F0D27029D2E1260038BD0C /* Global */,
				73DC2F3B29DAA69800F47ECD /* Network */,
				73F0D26F29D2E1130038BD0C /* Presentation */,
			);
			path = IceButler_iOS;
			sourceTree = "<group>";
		};
		73F0D24F29D2E0000038BD0C /* IceButler_iOSTests */ = {
			isa = PBXGroup;
			children = (
				73F0D25029D2E0000038BD0C /* IceButler_iOSTests.swift */,
			);
			path = IceButler_iOSTests;
			sourceTree = "<group>";
		};
		73F0D25929D2E0000038BD0C /* IceButler_iOSUITests */ = {
			isa = PBXGroup;
			children = (
				73F0D25A29D2E0000038BD0C /* IceButler_iOSUITests.swift */,
				73F0D25C29D2E0000038BD0C /* IceButler_iOSUITestsLaunchTests.swift */,
			);
			path = IceButler_iOSUITests;
			sourceTree = "<group>";
		};
		73F0D26929D2E0500038BD0C /* App */ = {
			isa = PBXGroup;
			children = (
				73F0D23929D2DFFE0038BD0C /* AppDelegate.swift */,
				73F0D23B29D2DFFE0038BD0C /* SceneDelegate.swift */,
			);
			path = App;
			sourceTree = "<group>";
		};
		73F0D26F29D2E1130038BD0C /* Presentation */ = {
			isa = PBXGroup;
			children = (
				73C4920B2C35A9D300B96C1F /* Coordinator */,
				73C492082C35989C00B96C1F /* Login */,
				73B97BCC2C32707000DB229F /* Mypage */,
			);
			path = Presentation;
			sourceTree = "<group>";
		};
		73F0D27029D2E1260038BD0C /* Global */ = {
			isa = PBXGroup;
			children = (
				73B7372629E24F410097806F /* Enums */,
				A28A764529D5526D00D127EA /* Extensions */,
				73F0D27229D2E1380038BD0C /* Splash */,
				73F0D27129D2E12C0038BD0C /* Resource */,
			);
			path = Global;
			sourceTree = "<group>";
		};
		73F0D27129D2E12C0038BD0C /* Resource */ = {
			isa = PBXGroup;
			children = (
				73C491F62C358EDD00B96C1F /* Fonts */,
				73F0D24229D2E0000038BD0C /* Assets.xcassets */,
			);
			path = Resource;
			sourceTree = "<group>";
		};
		73F0D27229D2E1380038BD0C /* Splash */ = {
			isa = PBXGroup;
			children = (
			);
			path = Splash;
			sourceTree = "<group>";
		};
		73F26FBD29DAA716009E364B /* Model */ = {
			isa = PBXGroup;
			children = (
				A27C79182A1EF5BC0003A444 /* Notification */,
				735584C82A06B1930077E69E /* Graph */,
				95A398BD29FD8C01009CDDDC /* Recipe */,
				A2EA102329F5A60C000D600B /* MyFridge */,
				73CF93AE29E943A50007CB7A /* User */,
				7339CD8429E67FC6002A6D78 /* Auth */,
				73F26FBF29DAA723009E364B /* Cart */,
				738CAC8C29E3280C009EF9D2 /* Food */,
				73B7374729E2DCD10097806F /* Fridge */,
				73F26FC029DAA735009E364B /* GeneralResponseModel.swift */,
				7339CD8729E78449002A6D78 /* Image */,
			);
			path = Model;
			sourceTree = "<group>";
		};
		73F26FBE29DAA71B009E364B /* Service */ = {
			isa = PBXGroup;
			children = (
				735584C52A062DF20077E69E /* Graph */,
				95A398BA29FD82CB009CDDDC /* Recipe */,
				73178AC429EC409C001C3AA4 /* User */,
				7339CD8A29E78875002A6D78 /* Image */,
				7339CD7029E5B55F002A6D78 /* Auth */,
				738CAC8B29E32804009EF9D2 /* Food */,
				73B7374A29E2EB4A0097806F /* Fridge */,
				73F26FC229DAA7E1009E364B /* Cart */,
			);
			path = Service;
			sourceTree = "<group>";
		};
		73F26FBF29DAA723009E364B /* Cart */ = {
			isa = PBXGroup;
			children = (
				73F26FC329DAA8EB009E364B /* CartResponseModel.swift */,
				73F62A3729DAB1A5003D779F /* CartRequestModel.swift */,
			);
			path = Cart;
			sourceTree = "<group>";
		};
		73F26FC229DAA7E1009E364B /* Cart */ = {
			isa = PBXGroup;
			children = (
				73F26FC529DAA94B009E364B /* CartService.swift */,
			);
			path = Cart;
			sourceTree = "<group>";
		};
		95A398BA29FD82CB009CDDDC /* Recipe */ = {
			isa = PBXGroup;
			children = (
				95A398BB29FD82DD009CDDDC /* RecipeService.swift */,
			);
			path = Recipe;
			sourceTree = "<group>";
		};
		95A398BD29FD8C01009CDDDC /* Recipe */ = {
			isa = PBXGroup;
			children = (
				95A398BE29FD8C13009CDDDC /* RecipeResponseModel.swift */,
			);
			path = Recipe;
			sourceTree = "<group>";
		};
		A27C79182A1EF5BC0003A444 /* Notification */ = {
			isa = PBXGroup;
			children = (
				A27C79192A1EF5DA0003A444 /* NotificationResponseModel.swift */,
			);
			path = Notification;
			sourceTree = "<group>";
		};
		A28A764529D5526D00D127EA /* Extensions */ = {
			isa = PBXGroup;
			children = (
				73CF93B529E94D580007CB7A /* String+.swift */,
			);
			path = Extensions;
			sourceTree = "<group>";
		};
		A2EA102329F5A60C000D600B /* MyFridge */ = {
			isa = PBXGroup;
			children = (
				A2EA102429F5A61D000D600B /* MyFridgeResponseModel.swift */,
			);
			path = MyFridge;
			sourceTree = "<group>";
		};
/* End PBXGroup section */

/* Begin PBXNativeTarget section */
		73F0D23529D2DFFE0038BD0C /* IceButler_iOS */ = {
			isa = PBXNativeTarget;
			buildConfigurationList = 73F0D26029D2E0000038BD0C /* Build configuration list for PBXNativeTarget "IceButler_iOS" */;
			buildPhases = (
				73F0D23229D2DFFE0038BD0C /* Sources */,
				73F0D23329D2DFFE0038BD0C /* Frameworks */,
				73F0D23429D2DFFE0038BD0C /* Resources */,
			);
			buildRules = (
			);
			dependencies = (
			);
			name = IceButler_iOS;
			packageProductDependencies = (
				73C491F22C33EBD200B96C1F /* Alamofire */,
				73C491F42C33EBD600B96C1F /* ComposableArchitecture */,
			);
			productName = IceButler_iOS;
			productReference = 73F0D23629D2DFFE0038BD0C /* IceButler_iOS.app */;
			productType = "com.apple.product-type.application";
		};
/* End PBXNativeTarget section */

/* Begin PBXProject section */
		73F0D22E29D2DFFE0038BD0C /* Project object */ = {
			isa = PBXProject;
			attributes = {
				BuildIndependentTargetsInParallel = 1;
				LastSwiftUpdateCheck = 1420;
				LastUpgradeCheck = 1420;
				TargetAttributes = {
					73F0D23529D2DFFE0038BD0C = {
						CreatedOnToolsVersion = 14.2;
					};
				};
			};
			buildConfigurationList = 73F0D23129D2DFFE0038BD0C /* Build configuration list for PBXProject "IceButler_iOS" */;
			compatibilityVersion = "Xcode 13.0";
			developmentRegion = en;
			hasScannedForEncodings = 0;
			knownRegions = (
				en,
				Base,
				ko,
			);
			mainGroup = 73F0D22D29D2DFFE0038BD0C;
			packageReferences = (
				73DE02382C33E2F00095F7DC /* XCRemoteSwiftPackageReference "Alamofire" */,
				73DE02392C33E34E0095F7DC /* XCRemoteSwiftPackageReference "swift-composable-architecture" */,
			);
			productRefGroup = 73F0D23729D2DFFE0038BD0C /* Products */;
			projectDirPath = "";
			projectRoot = "";
			targets = (
				73F0D23529D2DFFE0038BD0C /* IceButler_iOS */,
			);
		};
/* End PBXProject section */

/* Begin PBXResourcesBuildPhase section */
		73F0D23429D2DFFE0038BD0C /* Resources */ = {
			isa = PBXResourcesBuildPhase;
			buildActionMask = 2147483647;
			files = (
				73C492002C358EF500B96C1F /* NanumSquareL.otf in Resources */,
				73C492022C358EF500B96C1F /* NanumSquareOTF_acL.otf in Resources */,
				73F0D24329D2E0000038BD0C /* Assets.xcassets in Resources */,
				73C492062C358EF500B96C1F /* NanumSquareB.otf in Resources */,
				73C492032C358EF500B96C1F /* NanumSquareR.otf in Resources */,
				73C491FF2C358EF500B96C1F /* NanumSquareOTF_acR.otf in Resources */,
				73C492012C358EF500B96C1F /* NanumSquareOTF_acB.otf in Resources */,
				73C492042C358EF500B96C1F /* NanumSquareOTF_acEB.otf in Resources */,
				73C492052C358EF500B96C1F /* NanumSquareEB.otf in Resources */,
			);
			runOnlyForDeploymentPostprocessing = 0;
		};
/* End PBXResourcesBuildPhase section */

/* Begin PBXSourcesBuildPhase section */
		73F0D23229D2DFFE0038BD0C /* Sources */ = {
			isa = PBXSourcesBuildPhase;
			buildActionMask = 2147483647;
			files = (
				95A398BF29FD8C13009CDDDC /* RecipeResponseModel.swift in Sources */,
				7339CD8629E68818002A6D78 /* AuthResponseModel.swift in Sources */,
				73F26FC629DAA94B009E364B /* CartService.swift in Sources */,
				73B7374C29E2EB570097806F /* FridgeService.swift in Sources */,
				73CF93B629E94D580007CB7A /* String+.swift in Sources */,
				95A398B929FD7B38009CDDDC /* FridgeType.swift in Sources */,
				A27C791A2A1EF5DA0003A444 /* NotificationResponseModel.swift in Sources */,
				73178AC629EC40A6001C3AA4 /* UserService.swift in Sources */,
				73F62A3829DAB1A5003D779F /* CartRequestModel.swift in Sources */,
				735584C72A062DFB0077E69E /* GraphService.swift in Sources */,
				735584CA2A06B1A10077E69E /* GraphResponseModel.swift in Sources */,
				7339CD8329E67F22002A6D78 /* AuthRequestModel.swift in Sources */,
				73C4920A2C3598B000B96C1F /* LoginStore.swift in Sources */,
				95A398B029FC0BF1009CDDDC /* RecipeCategory.swift in Sources */,
				73B7374929E2DCE60097806F /* FridgeResponseModel.swift in Sources */,
				73B7372829E24F510097806F /* FoodCategory.swift in Sources */,
				A2DC65792A07AE8700D8C6F9 /* FridgeRequestModel.swift in Sources */,
				73F26FC429DAA8EB009E364B /* CartResponseModel.swift in Sources */,
				7339CD8929E7846A002A6D78 /* ImageResponseModel.swift in Sources */,
				95488DC429EADF94009AE17A /* PolicyType.swift in Sources */,
				73C18A4529E3F0440037FE3A /* FoodRequestModel.swift in Sources */,
				738CAC8E29E32817009EF9D2 /* FoodResponseModel.swift in Sources */,
				A2EA102529F5A61D000D600B /* MyFridgeResponseModel.swift in Sources */,
				73DC2F3D29DAA6A400F47ECD /* APIManger.swift in Sources */,
				73F26FC129DAA735009E364B /* GeneralResponseModel.swift in Sources */,
				738CAC9029E32858009EF9D2 /* FoodService.swift in Sources */,
				95A398BC29FD82DD009CDDDC /* RecipeService.swift in Sources */,
				73F0D23A29D2DFFE0038BD0C /* AppDelegate.swift in Sources */,
				7339CD9029E7997F002A6D78 /* ImageRequestModel.swift in Sources */,
				73F0D23C29D2DFFE0038BD0C /* SceneDelegate.swift in Sources */,
				7339CD8E29E788BE002A6D78 /* ImageDir.swift in Sources */,
				73CF93B029E945BF0007CB7A /* UserResponseModel.swift in Sources */,
				73B97BCE2C3270BE00DB229F /* LoginView.swift in Sources */,
				7339CD8C29E78880002A6D78 /* ImageService.swift in Sources */,
				7339CD9229E79CDD002A6D78 /* AuthProvider.swift in Sources */,
				73C8714F29F2ED44002DDB60 /* ProfileEditMode.swift in Sources */,
			);
			runOnlyForDeploymentPostprocessing = 0;
		};
/* End PBXSourcesBuildPhase section */

/* Begin XCBuildConfiguration section */
		73F0D25E29D2E0000038BD0C /* Debug */ = {
			isa = XCBuildConfiguration;
			buildSettings = {
				ALWAYS_SEARCH_USER_PATHS = NO;
				CLANG_ANALYZER_LOCALIZABILITY_NONLOCALIZED = YES;
				CLANG_ANALYZER_NONNULL = YES;
				CLANG_ANALYZER_NUMBER_OBJECT_CONVERSION = YES_AGGRESSIVE;
				CLANG_CXX_LANGUAGE_STANDARD = "gnu++20";
				CLANG_ENABLE_MODULES = YES;
				CLANG_ENABLE_OBJC_ARC = YES;
				CLANG_ENABLE_OBJC_WEAK = YES;
				CLANG_WARN_BLOCK_CAPTURE_AUTORELEASING = YES;
				CLANG_WARN_BOOL_CONVERSION = YES;
				CLANG_WARN_COMMA = YES;
				CLANG_WARN_CONSTANT_CONVERSION = YES;
				CLANG_WARN_DEPRECATED_OBJC_IMPLEMENTATIONS = YES;
				CLANG_WARN_DIRECT_OBJC_ISA_USAGE = YES_ERROR;
				CLANG_WARN_DOCUMENTATION_COMMENTS = YES;
				CLANG_WARN_EMPTY_BODY = YES;
				CLANG_WARN_ENUM_CONVERSION = YES;
				CLANG_WARN_INFINITE_RECURSION = YES;
				CLANG_WARN_INT_CONVERSION = YES;
				CLANG_WARN_NON_LITERAL_NULL_CONVERSION = YES;
				CLANG_WARN_OBJC_IMPLICIT_RETAIN_SELF = YES;
				CLANG_WARN_OBJC_LITERAL_CONVERSION = YES;
				CLANG_WARN_OBJC_ROOT_CLASS = YES_ERROR;
				CLANG_WARN_QUOTED_INCLUDE_IN_FRAMEWORK_HEADER = YES;
				CLANG_WARN_RANGE_LOOP_ANALYSIS = YES;
				CLANG_WARN_STRICT_PROTOTYPES = YES;
				CLANG_WARN_SUSPICIOUS_MOVE = YES;
				CLANG_WARN_UNGUARDED_AVAILABILITY = YES_AGGRESSIVE;
				CLANG_WARN_UNREACHABLE_CODE = YES;
				CLANG_WARN__DUPLICATE_METHOD_MATCH = YES;
				COPY_PHASE_STRIP = NO;
				DEBUG_INFORMATION_FORMAT = dwarf;
				ENABLE_STRICT_OBJC_MSGSEND = YES;
				ENABLE_TESTABILITY = YES;
				GCC_C_LANGUAGE_STANDARD = gnu11;
				GCC_DYNAMIC_NO_PIC = NO;
				GCC_NO_COMMON_BLOCKS = YES;
				GCC_OPTIMIZATION_LEVEL = 0;
				GCC_PREPROCESSOR_DEFINITIONS = (
					"DEBUG=1",
					"$(inherited)",
				);
				GCC_WARN_64_TO_32_BIT_CONVERSION = YES;
				GCC_WARN_ABOUT_RETURN_TYPE = YES_ERROR;
				GCC_WARN_UNDECLARED_SELECTOR = YES;
				GCC_WARN_UNINITIALIZED_AUTOS = YES_AGGRESSIVE;
				GCC_WARN_UNUSED_FUNCTION = YES;
				GCC_WARN_UNUSED_VARIABLE = YES;
				IPHONEOS_DEPLOYMENT_TARGET = 15.0;
				MTL_ENABLE_DEBUG_INFO = INCLUDE_SOURCE;
				MTL_FAST_MATH = YES;
				ONLY_ACTIVE_ARCH = YES;
				PRODUCT_MODULE_NAME = "";
				SDKROOT = iphoneos;
				SWIFT_ACTIVE_COMPILATION_CONDITIONS = DEBUG;
				SWIFT_OPTIMIZATION_LEVEL = "-Onone";
			};
			name = Debug;
		};
		73F0D25F29D2E0000038BD0C /* Release */ = {
			isa = XCBuildConfiguration;
			buildSettings = {
				ALWAYS_SEARCH_USER_PATHS = NO;
				CLANG_ANALYZER_LOCALIZABILITY_NONLOCALIZED = YES;
				CLANG_ANALYZER_NONNULL = YES;
				CLANG_ANALYZER_NUMBER_OBJECT_CONVERSION = YES_AGGRESSIVE;
				CLANG_CXX_LANGUAGE_STANDARD = "gnu++20";
				CLANG_ENABLE_MODULES = YES;
				CLANG_ENABLE_OBJC_ARC = YES;
				CLANG_ENABLE_OBJC_WEAK = YES;
				CLANG_WARN_BLOCK_CAPTURE_AUTORELEASING = YES;
				CLANG_WARN_BOOL_CONVERSION = YES;
				CLANG_WARN_COMMA = YES;
				CLANG_WARN_CONSTANT_CONVERSION = YES;
				CLANG_WARN_DEPRECATED_OBJC_IMPLEMENTATIONS = YES;
				CLANG_WARN_DIRECT_OBJC_ISA_USAGE = YES_ERROR;
				CLANG_WARN_DOCUMENTATION_COMMENTS = YES;
				CLANG_WARN_EMPTY_BODY = YES;
				CLANG_WARN_ENUM_CONVERSION = YES;
				CLANG_WARN_INFINITE_RECURSION = YES;
				CLANG_WARN_INT_CONVERSION = YES;
				CLANG_WARN_NON_LITERAL_NULL_CONVERSION = YES;
				CLANG_WARN_OBJC_IMPLICIT_RETAIN_SELF = YES;
				CLANG_WARN_OBJC_LITERAL_CONVERSION = YES;
				CLANG_WARN_OBJC_ROOT_CLASS = YES_ERROR;
				CLANG_WARN_QUOTED_INCLUDE_IN_FRAMEWORK_HEADER = YES;
				CLANG_WARN_RANGE_LOOP_ANALYSIS = YES;
				CLANG_WARN_STRICT_PROTOTYPES = YES;
				CLANG_WARN_SUSPICIOUS_MOVE = YES;
				CLANG_WARN_UNGUARDED_AVAILABILITY = YES_AGGRESSIVE;
				CLANG_WARN_UNREACHABLE_CODE = YES;
				CLANG_WARN__DUPLICATE_METHOD_MATCH = YES;
				COPY_PHASE_STRIP = NO;
				DEBUG_INFORMATION_FORMAT = "dwarf-with-dsym";
				ENABLE_NS_ASSERTIONS = NO;
				ENABLE_STRICT_OBJC_MSGSEND = YES;
				GCC_C_LANGUAGE_STANDARD = gnu11;
				GCC_NO_COMMON_BLOCKS = YES;
				GCC_WARN_64_TO_32_BIT_CONVERSION = YES;
				GCC_WARN_ABOUT_RETURN_TYPE = YES_ERROR;
				GCC_WARN_UNDECLARED_SELECTOR = YES;
				GCC_WARN_UNINITIALIZED_AUTOS = YES_AGGRESSIVE;
				GCC_WARN_UNUSED_FUNCTION = YES;
				GCC_WARN_UNUSED_VARIABLE = YES;
				IPHONEOS_DEPLOYMENT_TARGET = 15.0;
				MTL_ENABLE_DEBUG_INFO = NO;
				MTL_FAST_MATH = YES;
				PRODUCT_MODULE_NAME = "";
				SDKROOT = iphoneos;
				SWIFT_COMPILATION_MODE = wholemodule;
				SWIFT_OPTIMIZATION_LEVEL = "-O";
				VALIDATE_PRODUCT = YES;
			};
			name = Release;
		};
		73F0D26129D2E0000038BD0C /* Debug */ = {
			isa = XCBuildConfiguration;
			buildSettings = {
				ASSETCATALOG_COMPILER_APPICON_NAME = AppIcon;
				ASSETCATALOG_COMPILER_GLOBAL_ACCENT_COLOR_NAME = AccentColor;
				CLANG_ENABLE_OBJC_ARC = NO;
				CLANG_LINK_OBJC_RUNTIME = YES;
				CODE_SIGN_ENTITLEMENTS = IceButler_iOS/IceButler_iOS.entitlements;
				CODE_SIGN_IDENTITY = "Apple Development";
				"CODE_SIGN_IDENTITY[sdk=iphoneos*]" = "iPhone Developer";
				CODE_SIGN_STYLE = Manual;
				CURRENT_PROJECT_VERSION = 1;
				DEVELOPMENT_TEAM = "";
				"DEVELOPMENT_TEAM[sdk=iphoneos*]" = 643M65W7HH;
				FRAMEWORK_SEARCH_PATHS = (
					"$(inherited)",
					"$(PROJECT_DIR)/DaumMap.embeddedframework",
				);
				GENERATE_INFOPLIST_FILE = YES;
				INFOPLIST_FILE = IceButler_iOS/Info.plist;
				INFOPLIST_KEY_CFBundleDisplayName = "냉집사";
				INFOPLIST_KEY_NSCameraUsageDescription = "\"냉집사\"에서 바코드 인식을 위해 카메라 접근을 허용해주세요.";
				INFOPLIST_KEY_NSLocationAlwaysAndWhenInUseUsageDescription = "주변 식료품점 조회를 위해 현재 위치 정보 획득 권한이 필요합니다.";
				INFOPLIST_KEY_NSLocationAlwaysUsageDescription = "주변 식료품점 조회를 위해 현재 위치 정보 획득 권한이 필요합니다.";
				INFOPLIST_KEY_NSLocationWhenInUseUsageDescription = "주변 식료품점 조회를 위해 현재 위치 정보 획득 권한이 필요합니다.";
				INFOPLIST_KEY_NSPhotoLibraryUsageDescription = "\"냉집사\"에서 사진 첨부를 위해 사진 접근을 허용해주세요.";
				INFOPLIST_KEY_UIApplicationSupportsIndirectInputEvents = YES;
				INFOPLIST_KEY_UIStatusBarStyle = UIStatusBarStyleLightContent;
				INFOPLIST_KEY_UISupportedInterfaceOrientations = UIInterfaceOrientationPortrait;
				INFOPLIST_KEY_UISupportedInterfaceOrientations_iPad = "UIInterfaceOrientationLandscapeLeft UIInterfaceOrientationLandscapeRight UIInterfaceOrientationPortrait UIInterfaceOrientationPortraitUpsideDown";
				INFOPLIST_KEY_UIUserInterfaceStyle = Light;
				LD_RUNPATH_SEARCH_PATHS = (
					"$(inherited)",
					"@executable_path/Frameworks",
				);
				MARKETING_VERSION = 1.01;
				PRODUCT_BUNDLE_IDENTIFIER = "yoosang.IceButler-iOS";
				PRODUCT_MODULE_NAME = IceButler;
				PRODUCT_NAME = "$(TARGET_NAME)";
				PROVISIONING_PROFILE_SPECIFIER = "";
				"PROVISIONING_PROFILE_SPECIFIER[sdk=iphoneos*]" = IceButler_Profile;
				SUPPORTED_PLATFORMS = "iphoneos iphonesimulator";
				SUPPORTS_MACCATALYST = NO;
				SUPPORTS_MAC_DESIGNED_FOR_IPHONE_IPAD = NO;
				SWIFT_EMIT_LOC_STRINGS = YES;
				SWIFT_VERSION = 5.0;
				TARGETED_DEVICE_FAMILY = 1;
			};
			name = Debug;
		};
		73F0D26229D2E0000038BD0C /* Release */ = {
			isa = XCBuildConfiguration;
			buildSettings = {
				ASSETCATALOG_COMPILER_APPICON_NAME = AppIcon;
				ASSETCATALOG_COMPILER_GLOBAL_ACCENT_COLOR_NAME = AccentColor;
				CLANG_ENABLE_OBJC_ARC = NO;
				CLANG_LINK_OBJC_RUNTIME = YES;
				CODE_SIGN_ENTITLEMENTS = IceButler_iOS/IceButler_iOS.entitlements;
				CODE_SIGN_IDENTITY = "Apple Development";
				"CODE_SIGN_IDENTITY[sdk=iphoneos*]" = "iPhone Developer";
				CODE_SIGN_STYLE = Manual;
				CURRENT_PROJECT_VERSION = 1;
				DEVELOPMENT_TEAM = "";
				"DEVELOPMENT_TEAM[sdk=iphoneos*]" = 643M65W7HH;
				FRAMEWORK_SEARCH_PATHS = (
					"$(inherited)",
					"$(PROJECT_DIR)/DaumMap.embeddedframework",
				);
				GENERATE_INFOPLIST_FILE = YES;
				INFOPLIST_FILE = IceButler_iOS/Info.plist;
				INFOPLIST_KEY_CFBundleDisplayName = "냉집사";
				INFOPLIST_KEY_NSCameraUsageDescription = "\"냉집사\"에서 바코드 인식을 위해 카메라 접근을 허용해주세요.";
				INFOPLIST_KEY_NSLocationAlwaysAndWhenInUseUsageDescription = "주변 식료품점 조회를 위해 현재 위치 정보 획득 권한이 필요합니다.";
				INFOPLIST_KEY_NSLocationAlwaysUsageDescription = "주변 식료품점 조회를 위해 현재 위치 정보 획득 권한이 필요합니다.";
				INFOPLIST_KEY_NSLocationWhenInUseUsageDescription = "주변 식료품점 조회를 위해 현재 위치 정보 획득 권한이 필요합니다.";
				INFOPLIST_KEY_NSPhotoLibraryUsageDescription = "\"냉집사\"에서 사진 첨부를 위해 사진 접근을 허용해주세요.";
				INFOPLIST_KEY_UIApplicationSupportsIndirectInputEvents = YES;
				INFOPLIST_KEY_UIStatusBarStyle = UIStatusBarStyleLightContent;
				INFOPLIST_KEY_UISupportedInterfaceOrientations = UIInterfaceOrientationPortrait;
				INFOPLIST_KEY_UISupportedInterfaceOrientations_iPad = "UIInterfaceOrientationLandscapeLeft UIInterfaceOrientationLandscapeRight UIInterfaceOrientationPortrait UIInterfaceOrientationPortraitUpsideDown";
				INFOPLIST_KEY_UIUserInterfaceStyle = Light;
				LD_RUNPATH_SEARCH_PATHS = (
					"$(inherited)",
					"@executable_path/Frameworks",
				);
				MARKETING_VERSION = 1.01;
				PRODUCT_BUNDLE_IDENTIFIER = "yoosang.IceButler-iOS";
				PRODUCT_MODULE_NAME = IceButler;
				PRODUCT_NAME = "$(TARGET_NAME)";
				PROVISIONING_PROFILE_SPECIFIER = "";
				"PROVISIONING_PROFILE_SPECIFIER[sdk=iphoneos*]" = IceButler_Profile;
				SUPPORTED_PLATFORMS = "iphoneos iphonesimulator";
				SUPPORTS_MACCATALYST = NO;
				SUPPORTS_MAC_DESIGNED_FOR_IPHONE_IPAD = NO;
				SWIFT_EMIT_LOC_STRINGS = YES;
				SWIFT_VERSION = 5.0;
				TARGETED_DEVICE_FAMILY = 1;
			};
			name = Release;
		};
/* End XCBuildConfiguration section */

/* Begin XCConfigurationList section */
		73F0D23129D2DFFE0038BD0C /* Build configuration list for PBXProject "IceButler_iOS" */ = {
			isa = XCConfigurationList;
			buildConfigurations = (
				73F0D25E29D2E0000038BD0C /* Debug */,
				73F0D25F29D2E0000038BD0C /* Release */,
			);
			defaultConfigurationIsVisible = 0;
			defaultConfigurationName = Release;
		};
		73F0D26029D2E0000038BD0C /* Build configuration list for PBXNativeTarget "IceButler_iOS" */ = {
			isa = XCConfigurationList;
			buildConfigurations = (
				73F0D26129D2E0000038BD0C /* Debug */,
				73F0D26229D2E0000038BD0C /* Release */,
			);
			defaultConfigurationIsVisible = 0;
			defaultConfigurationName = Release;
		};
/* End XCConfigurationList section */

/* Begin XCRemoteSwiftPackageReference section */
		73DE02382C33E2F00095F7DC /* XCRemoteSwiftPackageReference "Alamofire" */ = {
			isa = XCRemoteSwiftPackageReference;
			repositoryURL = "https://github.com/Alamofire/Alamofire.git";
			requirement = {
				kind = upToNextMajorVersion;
				minimumVersion = 5.9.1;
			};
		};
		73DE02392C33E34E0095F7DC /* XCRemoteSwiftPackageReference "swift-composable-architecture" */ = {
			isa = XCRemoteSwiftPackageReference;
			repositoryURL = "https://github.com/pointfreeco/swift-composable-architecture";
			requirement = {
				kind = upToNextMajorVersion;
				minimumVersion = 1.11.2;
			};
		};
/* End XCRemoteSwiftPackageReference section */

/* Begin XCSwiftPackageProductDependency section */
		73C491F22C33EBD200B96C1F /* Alamofire */ = {
			isa = XCSwiftPackageProductDependency;
			package = 73DE02382C33E2F00095F7DC /* XCRemoteSwiftPackageReference "Alamofire" */;
			productName = Alamofire;
		};
		73C491F42C33EBD600B96C1F /* ComposableArchitecture */ = {
			isa = XCSwiftPackageProductDependency;
			package = 73DE02392C33E34E0095F7DC /* XCRemoteSwiftPackageReference "swift-composable-architecture" */;
			productName = ComposableArchitecture;
		};
/* End XCSwiftPackageProductDependency section */
	};
	rootObject = 73F0D22E29D2DFFE0038BD0C /* Project object */;
}
